// !$*UTF8*$!
{
	archiveVersion = 1;
	classes = {
	};
	objectVersion = 52;
	objects = {

/* Begin PBXBuildFile section */
		01E6138DB34D2E6EA1EBE74A /* Localizable.strings in Resources */ = {isa = PBXBuildFile; fileRef = A39653FE5C52B550D9113565 /* Localizable.strings */; };
		06FEF35A4B10504A4E2B8BBA /* Swinject in Frameworks */ = {isa = PBXBuildFile; productRef = 59C8B8EFB7B8050E78988BEC /* Swinject */; };
		0CFF25F339AB0AA7F012990F /* Features.framework in Frameworks */ = {isa = PBXBuildFile; fileRef = 8A05A5985532DD3499260DE9 /* Features.framework */; };
		0D9D85858D77EC3A913A6597 /* ListViewModel.swift in Sources */ = {isa = PBXBuildFile; fileRef = FF511779301CDE38A6E58BD3 /* ListViewModel.swift */; };
		1728300019103CB1782B82B1 /* UsersUseCase.swift in Sources */ = {isa = PBXBuildFile; fileRef = 2020C5B2E40D4D0FC4178C8A /* UsersUseCase.swift */; };
		1B8F2497FFA430D617943409 /* MuuvTest.swift in Sources */ = {isa = PBXBuildFile; fileRef = F4FAF354CFFCF2E3585F1084 /* MuuvTest.swift */; };
		28964B50D9C91B11619C0C94 /* ReqresClient.framework in Frameworks */ = {isa = PBXBuildFile; fileRef = 055F30EE91BBF917894626D2 /* ReqresClient.framework */; };
		29B274AAA82C4CBDDD9B5065 /* HttpRequest.swift in Sources */ = {isa = PBXBuildFile; fileRef = C8582DCD3A39084B5B0F7506 /* HttpRequest.swift */; };
		30EAA9F0322E6AFE06B36EA3 /* Alamofire in Frameworks */ = {isa = PBXBuildFile; productRef = BA4489AB7B43887EDBAAD21D /* Alamofire */; };
		325F23E8548991D481362C9D /* HttpClient.framework in Frameworks */ = {isa = PBXBuildFile; fileRef = 6BD4F5B1A98FCA78297AF7AF /* HttpClient.framework */; };
		3576590725C9A59B9644B2C7 /* HttpClientLive.framework in Frameworks */ = {isa = PBXBuildFile; fileRef = 3C8981402C693E666C2FF495 /* HttpClientLive.framework */; };
		395BA226D50914AB7E59897D /* ReqresClient.framework in Embed Frameworks */ = {isa = PBXBuildFile; fileRef = 055F30EE91BBF917894626D2 /* ReqresClient.framework */; settings = {ATTRIBUTES = (CodeSignOnCopy, RemoveHeadersOnCopy, ); }; };
		39F77B0A8E91F5C4C0A9E7C4 /* Colors.xcassets in Resources */ = {isa = PBXBuildFile; fileRef = 22B0D75124D93578F3AC6B38 /* Colors.xcassets */; };
		4449C5B0C7DC0E0DD86A1144 /* ReqresClient.framework in Embed Frameworks */ = {isa = PBXBuildFile; fileRef = 055F30EE91BBF917894626D2 /* ReqresClient.framework */; settings = {ATTRIBUTES = (CodeSignOnCopy, RemoveHeadersOnCopy, ); }; };
		470587600903C42DA5975CD1 /* Preview Assets.xcassets in Resources */ = {isa = PBXBuildFile; fileRef = 19D94B40F1F56BA48396A2B0 /* Preview Assets.xcassets */; };
		4746432F817237D4C2209D18 /* HttpClient.framework in Embed Frameworks */ = {isa = PBXBuildFile; fileRef = 6BD4F5B1A98FCA78297AF7AF /* HttpClient.framework */; settings = {ATTRIBUTES = (CodeSignOnCopy, RemoveHeadersOnCopy, ); }; };
		47EC88443BC9D8FEE28877C7 /* Features.framework in Embed Frameworks */ = {isa = PBXBuildFile; fileRef = 8A05A5985532DD3499260DE9 /* Features.framework */; settings = {ATTRIBUTES = (CodeSignOnCopy, RemoveHeadersOnCopy, ); }; };
		49F741741835FB6D3BFECFA1 /* HttpClient.framework in Frameworks */ = {isa = PBXBuildFile; fileRef = 6BD4F5B1A98FCA78297AF7AF /* HttpClient.framework */; };
		4AB866980C23E45E413B8D42 /* HttpClientLive.framework in Frameworks */ = {isa = PBXBuildFile; fileRef = 3C8981402C693E666C2FF495 /* HttpClientLive.framework */; };
		4E77F0622B76A66792006809 /* Preview Assets.xcassets in Resources */ = {isa = PBXBuildFile; fileRef = 19D94B40F1F56BA48396A2B0 /* Preview Assets.xcassets */; };
		5831E34E9FD5808851331E89 /* DI.swift in Sources */ = {isa = PBXBuildFile; fileRef = 645A647416C89138E5554A8D /* DI.swift */; };
		5A0366A4F26BC8DA1C155C97 /* Assets.xcassets in Resources */ = {isa = PBXBuildFile; fileRef = ECD9749C4CA793BB148AE569 /* Assets.xcassets */; };
		5E5F231DC9ABEFCA36BE8CEE /* Assets.xcassets in Resources */ = {isa = PBXBuildFile; fileRef = ECD9749C4CA793BB148AE569 /* Assets.xcassets */; };
		72AA5E3DCBE62F79256C7F9E /* Colors.xcassets in Resources */ = {isa = PBXBuildFile; fileRef = 22B0D75124D93578F3AC6B38 /* Colors.xcassets */; };
		74063612988EE44FA351A84E /* ReqresClient.framework in Frameworks */ = {isa = PBXBuildFile; fileRef = 055F30EE91BBF917894626D2 /* ReqresClient.framework */; };
		77FB5AF56A5A21B2640F63E1 /* HttpClient.swift in Sources */ = {isa = PBXBuildFile; fileRef = 0EB3F14920D1CCC5F724A4D1 /* HttpClient.swift */; };
		7A07FAD4CCD37252300A1461 /* AppAssembly.swift in Sources */ = {isa = PBXBuildFile; fileRef = 4409AE345AC717F3A472DCA3 /* AppAssembly.swift */; };
		7F99DA94660656DFE2B46E0E /* ReqresClient.framework in Frameworks */ = {isa = PBXBuildFile; fileRef = 055F30EE91BBF917894626D2 /* ReqresClient.framework */; };
		832E1F4A08D070B661C6B32C /* Alamofire in Frameworks */ = {isa = PBXBuildFile; productRef = 5B010505E5FEF13C25118225 /* Alamofire */; };
		83CA214F5A62C22D3E82F06C /* ReqresClientLive.framework in Embed Frameworks */ = {isa = PBXBuildFile; fileRef = 93354E6F8F65887863EE411A /* ReqresClientLive.framework */; settings = {ATTRIBUTES = (CodeSignOnCopy, RemoveHeadersOnCopy, ); }; };
		840466CFC1959848FB57CDAE /* HttpClientLive.framework in Embed Frameworks */ = {isa = PBXBuildFile; fileRef = 3C8981402C693E666C2FF495 /* HttpClientLive.framework */; settings = {ATTRIBUTES = (CodeSignOnCopy, RemoveHeadersOnCopy, ); }; };
		8705C81814E18AA58221C325 /* ReqresClientLive.framework in Frameworks */ = {isa = PBXBuildFile; fileRef = 93354E6F8F65887863EE411A /* ReqresClientLive.framework */; };
		8865F96979D7F9439B6297D5 /* Swinject in Frameworks */ = {isa = PBXBuildFile; productRef = BD2371854495B6720912A2BD /* Swinject */; };
		8A7DA7F787B755136FB67727 /* HttpClient.framework in Embed Frameworks */ = {isa = PBXBuildFile; fileRef = 6BD4F5B1A98FCA78297AF7AF /* HttpClient.framework */; settings = {ATTRIBUTES = (CodeSignOnCopy, RemoveHeadersOnCopy, ); }; };
		8D7F7DB5E01EAD0C2AF237F3 /* Kingfisher in Frameworks */ = {isa = PBXBuildFile; productRef = 2F19F9204DA4FE2334C3849F /* Kingfisher */; };
		8EE2E7C39AD152F5E53D3EA6 /* HttpClient.framework in Frameworks */ = {isa = PBXBuildFile; fileRef = 6BD4F5B1A98FCA78297AF7AF /* HttpClient.framework */; };
		8F08E98109BA5A3EF5722592 /* LoadingView.swift in Sources */ = {isa = PBXBuildFile; fileRef = 5EA7713473A97BED0E5F55FC /* LoadingView.swift */; };
		909AF323276833F61723F859 /* Features.framework in Embed Frameworks */ = {isa = PBXBuildFile; fileRef = 8A05A5985532DD3499260DE9 /* Features.framework */; settings = {ATTRIBUTES = (CodeSignOnCopy, RemoveHeadersOnCopy, ); }; };
		91C64E7DE175464CFAD044EA /* Localizable.strings in Resources */ = {isa = PBXBuildFile; fileRef = A39653FE5C52B550D9113565 /* Localizable.strings */; };
		93F39690F38BDC0ED473AC5F /* HttpError.swift in Sources */ = {isa = PBXBuildFile; fileRef = 17EAA42D86F6A90822B03E4E /* HttpError.swift */; };
		9A4FCBE5D95C7938EC13C980 /* Kingfisher in Frameworks */ = {isa = PBXBuildFile; productRef = 7FBC334E9A29973B37A2B885 /* Kingfisher */; };
		9F85D84320A515EF3760B30C /* SwinjectAutoregistration in Frameworks */ = {isa = PBXBuildFile; productRef = 73BFECB365FB3F10506FCA17 /* SwinjectAutoregistration */; };
		9FADDF0944997DDD63994844 /* ReqresClientLive.framework in Frameworks */ = {isa = PBXBuildFile; fileRef = 93354E6F8F65887863EE411A /* ReqresClientLive.framework */; };
		A1890B93602BACEFC0C1A22C /* String+.swift in Sources */ = {isa = PBXBuildFile; fileRef = 516CCF34C4128FB69A6ABF8A /* String+.swift */; };
		A2E979215AAAE4C6BB6A2EEF /* AppAssembly.swift in Sources */ = {isa = PBXBuildFile; fileRef = 4409AE345AC717F3A472DCA3 /* AppAssembly.swift */; };
		A329BA007ABA75327F3B97BA /* HttpClient.framework in Frameworks */ = {isa = PBXBuildFile; fileRef = 6BD4F5B1A98FCA78297AF7AF /* HttpClient.framework */; };
		A7E82690133A1781BECFBCF6 /* ReqresClient.framework in Frameworks */ = {isa = PBXBuildFile; fileRef = 055F30EE91BBF917894626D2 /* ReqresClient.framework */; };
		AA7E0CF889DDA1F5BB0BFD52 /* Colors.xcassets in Resources */ = {isa = PBXBuildFile; fileRef = 22B0D75124D93578F3AC6B38 /* Colors.xcassets */; };
		B8B848C1DCEE583927135489 /* ReqresClientLive.framework in Embed Frameworks */ = {isa = PBXBuildFile; fileRef = 93354E6F8F65887863EE411A /* ReqresClientLive.framework */; settings = {ATTRIBUTES = (CodeSignOnCopy, RemoveHeadersOnCopy, ); }; };
		B917F1FABAD7D6B4BCDCBADE /* get_users_200.json in Resources */ = {isa = PBXBuildFile; fileRef = 3D4B45724D0EA786DFA41954 /* get_users_200.json */; };
		B944937770AA219EE7AA0EAD /* ListElement.swift in Sources */ = {isa = PBXBuildFile; fileRef = A88B01D491C09823E25266B8 /* ListElement.swift */; };
		BAF4E3FF29FAECE3D8E47B56 /* Kingfisher in Frameworks */ = {isa = PBXBuildFile; productRef = ED332D6383ED19A28A099373 /* Kingfisher */; };
		BE463F24D6283570083C65DA /* ReqresClientMock.swift in Sources */ = {isa = PBXBuildFile; fileRef = 961BB866046F837E57B77B88 /* ReqresClientMock.swift */; };
		BF6235012258D9487E7C2D96 /* Assets.xcassets in Resources */ = {isa = PBXBuildFile; fileRef = ECD9749C4CA793BB148AE569 /* Assets.xcassets */; };
		C320CFE611668314521B51D8 /* HttpClientLive.framework in Frameworks */ = {isa = PBXBuildFile; fileRef = 3C8981402C693E666C2FF495 /* HttpClientLive.framework */; };
		C32E76339698A86367A1BB36 /* HttpClient.framework in Embed Frameworks */ = {isa = PBXBuildFile; fileRef = 6BD4F5B1A98FCA78297AF7AF /* HttpClient.framework */; settings = {ATTRIBUTES = (CodeSignOnCopy, RemoveHeadersOnCopy, ); }; };
		CBF6DD9AF9874FFC7FD55A18 /* Preview Assets.xcassets in Resources */ = {isa = PBXBuildFile; fileRef = 19D94B40F1F56BA48396A2B0 /* Preview Assets.xcassets */; };
		CD70C1B2097CA7526A426EFB /* MuuvTest.swift in Sources */ = {isa = PBXBuildFile; fileRef = F4FAF354CFFCF2E3585F1084 /* MuuvTest.swift */; };
		CE72E2CE89B34863E11115B5 /* FeaturesAssembly.swift in Sources */ = {isa = PBXBuildFile; fileRef = 98B60821947A42E8EB16A155 /* FeaturesAssembly.swift */; };
		D1C8BD01F6C53CA4DA5FA0A8 /* Alamofire in Frameworks */ = {isa = PBXBuildFile; productRef = 80C07284E19CDFC3D4F952A0 /* Alamofire */; };
		D29710A98234B77829D24C70 /* MuuvTest.swift in Sources */ = {isa = PBXBuildFile; fileRef = F4FAF354CFFCF2E3585F1084 /* MuuvTest.swift */; };
		D3D30F71C078017BC0493B9C /* User.swift in Sources */ = {isa = PBXBuildFile; fileRef = D6968CEE12850408ADB1C7EC /* User.swift */; };
		D4C8EA16551C5327DF1117E1 /* HttpClientLive.framework in Embed Frameworks */ = {isa = PBXBuildFile; fileRef = 3C8981402C693E666C2FF495 /* HttpClientLive.framework */; settings = {ATTRIBUTES = (CodeSignOnCopy, RemoveHeadersOnCopy, ); }; };
		DB6F72A5BD0DCAF5391EA078 /* HttpClient.framework in Frameworks */ = {isa = PBXBuildFile; fileRef = 6BD4F5B1A98FCA78297AF7AF /* HttpClient.framework */; };
		DB9CE23731D3CD8A12B0AF84 /* View+.swift in Sources */ = {isa = PBXBuildFile; fileRef = 95D3ECC95F8A2A2C9889D8D8 /* View+.swift */; };
		E09C245D5A49A5D10C5D41EB /* ContentView.swift in Sources */ = {isa = PBXBuildFile; fileRef = 2F04C99015AC77C9BD0BC058 /* ContentView.swift */; };
		E1648C12FAB19B4F90447C11 /* Features.framework in Frameworks */ = {isa = PBXBuildFile; fileRef = 8A05A5985532DD3499260DE9 /* Features.framework */; };
		E97160CAACD6448752AB9D21 /* Features.framework in Embed Frameworks */ = {isa = PBXBuildFile; fileRef = 8A05A5985532DD3499260DE9 /* Features.framework */; settings = {ATTRIBUTES = (CodeSignOnCopy, RemoveHeadersOnCopy, ); }; };
		EC873DBB8DF2B36707CD005E /* Kingfisher in Frameworks */ = {isa = PBXBuildFile; productRef = 4D473AAD0A4B8AE41BDEC0FF /* Kingfisher */; };
		F18A69368BA0CCF6C4A08B8C /* AppAssembly.swift in Sources */ = {isa = PBXBuildFile; fileRef = 90C78F3C62F89BF73F1E7520 /* AppAssembly.swift */; };
		F2BC59F6EDE5A1B792612DF4 /* ReqresClient.swift in Sources */ = {isa = PBXBuildFile; fileRef = CAD8730B0993034C0AF262E1 /* ReqresClient.swift */; };
		F2C03B22A2CFC541E043152A /* Features.framework in Frameworks */ = {isa = PBXBuildFile; fileRef = 8A05A5985532DD3499260DE9 /* Features.framework */; };
		F3562C8A4ED507C400B9500C /* ReqresClient.framework in Embed Frameworks */ = {isa = PBXBuildFile; fileRef = 055F30EE91BBF917894626D2 /* ReqresClient.framework */; settings = {ATTRIBUTES = (CodeSignOnCopy, RemoveHeadersOnCopy, ); }; };
		F42B17953FD129B34335A7CE /* Swinject in Frameworks */ = {isa = PBXBuildFile; productRef = D18539C370F8170944DE67B8 /* Swinject */; };
		F47DDC7C224F4418C0039868 /* SwinjectAutoregistration in Frameworks */ = {isa = PBXBuildFile; productRef = 979614DA6E6C264A37B45E4B /* SwinjectAutoregistration */; };
		F61B9872B55314BB41D7F7FF /* ReqresClientLive.swift in Sources */ = {isa = PBXBuildFile; fileRef = 9FBD9789B9280C042B94C28D /* ReqresClientLive.swift */; };
		F7569D55442E3BDE1B4B68E1 /* Localizable.strings in Resources */ = {isa = PBXBuildFile; fileRef = A39653FE5C52B550D9113565 /* Localizable.strings */; };
		F8EF07DCD31327F7C5EA726F /* Swinject in Frameworks */ = {isa = PBXBuildFile; productRef = 1476976CE86302CE0ADCC955 /* Swinject */; };
		FABCACDA5DF0034319B74338 /* Domain.swift in Sources */ = {isa = PBXBuildFile; fileRef = 9F88A189A881377E7CCA1167 /* Domain.swift */; };
		FAD9DA665E975D26504D718D /* SwinjectAutoregistration in Frameworks */ = {isa = PBXBuildFile; productRef = 60B83B447E72B58B5D7F1686 /* SwinjectAutoregistration */; };
		FE44253328AA93D40037665D /* Color+.swift in Sources */ = {isa = PBXBuildFile; fileRef = FE44253228AA93D40037665D /* Color+.swift */; };
		FE44253528AA964E0037665D /* ListButton.swift in Sources */ = {isa = PBXBuildFile; fileRef = FE44253428AA964E0037665D /* ListButton.swift */; };
		FED572DFBA66C79D6FFBA250 /* Alamofire in Frameworks */ = {isa = PBXBuildFile; productRef = D20E673C2876FFB3E91339F2 /* Alamofire */; };
		FF19197D6D4A2660F31CD700 /* SwinjectAutoregistration in Frameworks */ = {isa = PBXBuildFile; productRef = 076BF9F1948EBF6F08AA13F7 /* SwinjectAutoregistration */; };
		FF8BBE930DF435876D723F15 /* ListView.swift in Sources */ = {isa = PBXBuildFile; fileRef = 4F0EDAD12B6A5BD5B71CA80A /* ListView.swift */; };
/* End PBXBuildFile section */

/* Begin PBXContainerItemProxy section */
		0BC94D9731FD91717B26D2BB /* PBXContainerItemProxy */ = {
			isa = PBXContainerItemProxy;
			containerPortal = 739DAE3F42D62F7476B2FD4E /* Project object */;
			proxyType = 1;
			remoteGlobalIDString = 3CFDA1598BCCA487122B387D;
			remoteInfo = ReqresClient;
		};
		0EA51DD18271311AF008745F /* PBXContainerItemProxy */ = {
			isa = PBXContainerItemProxy;
			containerPortal = 739DAE3F42D62F7476B2FD4E /* Project object */;
			proxyType = 1;
			remoteGlobalIDString = 3CFDA1598BCCA487122B387D;
			remoteInfo = ReqresClient;
		};
		14D04C457D80FE9C2815610A /* PBXContainerItemProxy */ = {
			isa = PBXContainerItemProxy;
			containerPortal = 739DAE3F42D62F7476B2FD4E /* Project object */;
			proxyType = 1;
			remoteGlobalIDString = F926DEF3061708630A8DA07C;
			remoteInfo = HttpClient;
		};
		32B09EFE8DE50B895034DD8C /* PBXContainerItemProxy */ = {
			isa = PBXContainerItemProxy;
			containerPortal = 739DAE3F42D62F7476B2FD4E /* Project object */;
			proxyType = 1;
			remoteGlobalIDString = 27D2095CE05359331F8C24B3;
			remoteInfo = HttpClientLive;
		};
		3931041E5483C2CE1EDAD391 /* PBXContainerItemProxy */ = {
			isa = PBXContainerItemProxy;
			containerPortal = 739DAE3F42D62F7476B2FD4E /* Project object */;
			proxyType = 1;
			remoteGlobalIDString = C193C4403171CAA39863A72C;
			remoteInfo = Features;
		};
		418F651917A27BE45D9CD01E /* PBXContainerItemProxy */ = {
			isa = PBXContainerItemProxy;
			containerPortal = 739DAE3F42D62F7476B2FD4E /* Project object */;
			proxyType = 1;
			remoteGlobalIDString = 3CFDA1598BCCA487122B387D;
			remoteInfo = ReqresClient;
		};
		542FFFED9E5398B7B42EDDFF /* PBXContainerItemProxy */ = {
			isa = PBXContainerItemProxy;
			containerPortal = 739DAE3F42D62F7476B2FD4E /* Project object */;
			proxyType = 1;
			remoteGlobalIDString = 27D2095CE05359331F8C24B3;
			remoteInfo = HttpClientLive;
		};
		56E7BFD46BD19F2017FCC228 /* PBXContainerItemProxy */ = {
			isa = PBXContainerItemProxy;
			containerPortal = 739DAE3F42D62F7476B2FD4E /* Project object */;
			proxyType = 1;
			remoteGlobalIDString = F926DEF3061708630A8DA07C;
			remoteInfo = HttpClient;
		};
		60C71BF5C7EEAA82BE3D1539 /* PBXContainerItemProxy */ = {
			isa = PBXContainerItemProxy;
			containerPortal = 739DAE3F42D62F7476B2FD4E /* Project object */;
			proxyType = 1;
			remoteGlobalIDString = D3D7D0D5386CA698848F0184;
			remoteInfo = ReqresClientLive;
		};
		614D42A077A2704152036672 /* PBXContainerItemProxy */ = {
			isa = PBXContainerItemProxy;
			containerPortal = 739DAE3F42D62F7476B2FD4E /* Project object */;
			proxyType = 1;
			remoteGlobalIDString = F926DEF3061708630A8DA07C;
			remoteInfo = HttpClient;
		};
		77D66E73E1859ADEA44EAA5C /* PBXContainerItemProxy */ = {
			isa = PBXContainerItemProxy;
			containerPortal = 739DAE3F42D62F7476B2FD4E /* Project object */;
			proxyType = 1;
			remoteGlobalIDString = 3CFDA1598BCCA487122B387D;
			remoteInfo = ReqresClient;
		};
		8492B7052B3CC9DF41D1D1A1 /* PBXContainerItemProxy */ = {
			isa = PBXContainerItemProxy;
			containerPortal = 739DAE3F42D62F7476B2FD4E /* Project object */;
			proxyType = 1;
			remoteGlobalIDString = 27D2095CE05359331F8C24B3;
			remoteInfo = HttpClientLive;
		};
		AEF6FE05383E331A647765A7 /* PBXContainerItemProxy */ = {
			isa = PBXContainerItemProxy;
			containerPortal = 739DAE3F42D62F7476B2FD4E /* Project object */;
			proxyType = 1;
			remoteGlobalIDString = C193C4403171CAA39863A72C;
			remoteInfo = Features;
		};
		B65828DAEB8E09EA67B2ECED /* PBXContainerItemProxy */ = {
			isa = PBXContainerItemProxy;
			containerPortal = 739DAE3F42D62F7476B2FD4E /* Project object */;
			proxyType = 1;
			remoteGlobalIDString = F926DEF3061708630A8DA07C;
			remoteInfo = HttpClient;
		};
		C25E3477C45A493D40CB74F1 /* PBXContainerItemProxy */ = {
			isa = PBXContainerItemProxy;
			containerPortal = 739DAE3F42D62F7476B2FD4E /* Project object */;
			proxyType = 1;
			remoteGlobalIDString = C193C4403171CAA39863A72C;
			remoteInfo = Features;
		};
		E5CFD1B8AF5569CF6EBE7AA2 /* PBXContainerItemProxy */ = {
			isa = PBXContainerItemProxy;
			containerPortal = 739DAE3F42D62F7476B2FD4E /* Project object */;
			proxyType = 1;
			remoteGlobalIDString = F926DEF3061708630A8DA07C;
			remoteInfo = HttpClient;
		};
		F12298803EC3129B913A7BFE /* PBXContainerItemProxy */ = {
			isa = PBXContainerItemProxy;
			containerPortal = 739DAE3F42D62F7476B2FD4E /* Project object */;
			proxyType = 1;
			remoteGlobalIDString = D3D7D0D5386CA698848F0184;
			remoteInfo = ReqresClientLive;
		};
/* End PBXContainerItemProxy section */

/* Begin PBXCopyFilesBuildPhase section */
		2857C4D4FE7B47914E30FDEB /* Embed Frameworks */ = {
			isa = PBXCopyFilesBuildPhase;
			buildActionMask = 2147483647;
			dstPath = "";
			dstSubfolderSpec = 10;
			files = (
				47EC88443BC9D8FEE28877C7 /* Features.framework in Embed Frameworks */,
				8A7DA7F787B755136FB67727 /* HttpClient.framework in Embed Frameworks */,
				840466CFC1959848FB57CDAE /* HttpClientLive.framework in Embed Frameworks */,
				395BA226D50914AB7E59897D /* ReqresClient.framework in Embed Frameworks */,
				B8B848C1DCEE583927135489 /* ReqresClientLive.framework in Embed Frameworks */,
			);
			name = "Embed Frameworks";
			runOnlyForDeploymentPostprocessing = 0;
		};
		8705B3E9A89D4AFBD7F45416 /* Embed Frameworks */ = {
			isa = PBXCopyFilesBuildPhase;
			buildActionMask = 2147483647;
			dstPath = "";
			dstSubfolderSpec = 10;
			files = (
				E97160CAACD6448752AB9D21 /* Features.framework in Embed Frameworks */,
				4746432F817237D4C2209D18 /* HttpClient.framework in Embed Frameworks */,
				D4C8EA16551C5327DF1117E1 /* HttpClientLive.framework in Embed Frameworks */,
				4449C5B0C7DC0E0DD86A1144 /* ReqresClient.framework in Embed Frameworks */,
				83CA214F5A62C22D3E82F06C /* ReqresClientLive.framework in Embed Frameworks */,
			);
			name = "Embed Frameworks";
			runOnlyForDeploymentPostprocessing = 0;
		};
		F11FE70CB3D23D007C8ACE70 /* Embed Frameworks */ = {
			isa = PBXCopyFilesBuildPhase;
			buildActionMask = 2147483647;
			dstPath = "";
			dstSubfolderSpec = 10;
			files = (
				909AF323276833F61723F859 /* Features.framework in Embed Frameworks */,
				C32E76339698A86367A1BB36 /* HttpClient.framework in Embed Frameworks */,
				F3562C8A4ED507C400B9500C /* ReqresClient.framework in Embed Frameworks */,
			);
			name = "Embed Frameworks";
			runOnlyForDeploymentPostprocessing = 0;
		};
/* End PBXCopyFilesBuildPhase section */

/* Begin PBXFileReference section */
		01E9188FFA20548887C8017C /* Info.plist */ = {isa = PBXFileReference; lastKnownFileType = text.plist; path = Info.plist; sourceTree = "<group>"; };
		055F30EE91BBF917894626D2 /* ReqresClient.framework */ = {isa = PBXFileReference; explicitFileType = wrapper.framework; includeInIndex = 0; path = ReqresClient.framework; sourceTree = BUILT_PRODUCTS_DIR; };
		0A014A7759DF4E0BBCE6A322 /* Info.plist */ = {isa = PBXFileReference; lastKnownFileType = text.plist; path = Info.plist; sourceTree = "<group>"; };
		0EB3F14920D1CCC5F724A4D1 /* HttpClient.swift */ = {isa = PBXFileReference; lastKnownFileType = sourcecode.swift; path = HttpClient.swift; sourceTree = "<group>"; };
		11365948C577926AFE0276A7 /* Debug.xcconfig */ = {isa = PBXFileReference; lastKnownFileType = text.xcconfig; path = Debug.xcconfig; sourceTree = "<group>"; };
		17EAA42D86F6A90822B03E4E /* HttpError.swift */ = {isa = PBXFileReference; lastKnownFileType = sourcecode.swift; path = HttpError.swift; sourceTree = "<group>"; };
		19D94B40F1F56BA48396A2B0 /* Preview Assets.xcassets */ = {isa = PBXFileReference; lastKnownFileType = folder.assetcatalog; path = "Preview Assets.xcassets"; sourceTree = "<group>"; };
		1FD4BFD10B337CB4B9DBD697 /* Development.app */ = {isa = PBXFileReference; includeInIndex = 0; lastKnownFileType = wrapper.application; path = Development.app; sourceTree = BUILT_PRODUCTS_DIR; };
		2020C5B2E40D4D0FC4178C8A /* UsersUseCase.swift */ = {isa = PBXFileReference; lastKnownFileType = sourcecode.swift; path = UsersUseCase.swift; sourceTree = "<group>"; };
		22B0D75124D93578F3AC6B38 /* Colors.xcassets */ = {isa = PBXFileReference; lastKnownFileType = folder.assetcatalog; path = Colors.xcassets; sourceTree = "<group>"; };
		2DA16E7C85CA6CE3661982CF /* Production.app */ = {isa = PBXFileReference; includeInIndex = 0; lastKnownFileType = wrapper.application; path = Production.app; sourceTree = BUILT_PRODUCTS_DIR; };
		2F04C99015AC77C9BD0BC058 /* ContentView.swift */ = {isa = PBXFileReference; lastKnownFileType = sourcecode.swift; path = ContentView.swift; sourceTree = "<group>"; };
		3C8981402C693E666C2FF495 /* HttpClientLive.framework */ = {isa = PBXFileReference; explicitFileType = wrapper.framework; includeInIndex = 0; path = HttpClientLive.framework; sourceTree = BUILT_PRODUCTS_DIR; };
		3D4B45724D0EA786DFA41954 /* get_users_200.json */ = {isa = PBXFileReference; lastKnownFileType = text.json; path = get_users_200.json; sourceTree = "<group>"; };
		3E7479D495AE18299404B7ED /* Info.plist */ = {isa = PBXFileReference; lastKnownFileType = text.plist; path = Info.plist; sourceTree = "<group>"; };
		4409AE345AC717F3A472DCA3 /* AppAssembly.swift */ = {isa = PBXFileReference; lastKnownFileType = sourcecode.swift; path = AppAssembly.swift; sourceTree = "<group>"; };
		4C5D55B683FA0360580D62E7 /* Info.plist */ = {isa = PBXFileReference; lastKnownFileType = text.plist; path = Info.plist; sourceTree = "<group>"; };
		4F0EDAD12B6A5BD5B71CA80A /* ListView.swift */ = {isa = PBXFileReference; lastKnownFileType = sourcecode.swift; path = ListView.swift; sourceTree = "<group>"; };
		516CCF34C4128FB69A6ABF8A /* String+.swift */ = {isa = PBXFileReference; lastKnownFileType = sourcecode.swift; path = "String+.swift"; sourceTree = "<group>"; };
		5EA7713473A97BED0E5F55FC /* LoadingView.swift */ = {isa = PBXFileReference; lastKnownFileType = sourcecode.swift; path = LoadingView.swift; sourceTree = "<group>"; };
		645A647416C89138E5554A8D /* DI.swift */ = {isa = PBXFileReference; lastKnownFileType = sourcecode.swift; path = DI.swift; sourceTree = "<group>"; };
		6BD4F5B1A98FCA78297AF7AF /* HttpClient.framework */ = {isa = PBXFileReference; explicitFileType = wrapper.framework; includeInIndex = 0; path = HttpClient.framework; sourceTree = BUILT_PRODUCTS_DIR; };
		80098995123EB5B182159AB7 /* Info.plist */ = {isa = PBXFileReference; lastKnownFileType = text.plist; path = Info.plist; sourceTree = "<group>"; };
		8A05A5985532DD3499260DE9 /* Features.framework */ = {isa = PBXFileReference; explicitFileType = wrapper.framework; includeInIndex = 0; path = Features.framework; sourceTree = BUILT_PRODUCTS_DIR; };
		90C78F3C62F89BF73F1E7520 /* AppAssembly.swift */ = {isa = PBXFileReference; lastKnownFileType = sourcecode.swift; path = AppAssembly.swift; sourceTree = "<group>"; };
		93354E6F8F65887863EE411A /* ReqresClientLive.framework */ = {isa = PBXFileReference; explicitFileType = wrapper.framework; includeInIndex = 0; path = ReqresClientLive.framework; sourceTree = BUILT_PRODUCTS_DIR; };
		95D3ECC95F8A2A2C9889D8D8 /* View+.swift */ = {isa = PBXFileReference; lastKnownFileType = sourcecode.swift; path = "View+.swift"; sourceTree = "<group>"; };
		961BB866046F837E57B77B88 /* ReqresClientMock.swift */ = {isa = PBXFileReference; lastKnownFileType = sourcecode.swift; path = ReqresClientMock.swift; sourceTree = "<group>"; };
		98B60821947A42E8EB16A155 /* FeaturesAssembly.swift */ = {isa = PBXFileReference; lastKnownFileType = sourcecode.swift; path = FeaturesAssembly.swift; sourceTree = "<group>"; };
		9F88A189A881377E7CCA1167 /* Domain.swift */ = {isa = PBXFileReference; lastKnownFileType = sourcecode.swift; path = Domain.swift; sourceTree = "<group>"; };
		9FBD9789B9280C042B94C28D /* ReqresClientLive.swift */ = {isa = PBXFileReference; lastKnownFileType = sourcecode.swift; path = ReqresClientLive.swift; sourceTree = "<group>"; };
		A39653FE5C52B550D9113565 /* Localizable.strings */ = {isa = PBXFileReference; lastKnownFileType = text.plist.strings; path = Localizable.strings; sourceTree = "<group>"; };
		A88B01D491C09823E25266B8 /* ListElement.swift */ = {isa = PBXFileReference; lastKnownFileType = sourcecode.swift; path = ListElement.swift; sourceTree = "<group>"; };
		ADD51FEA30F4A8290AC911D8 /* Info.plist */ = {isa = PBXFileReference; lastKnownFileType = text.plist; path = Info.plist; sourceTree = "<group>"; };
		C8582DCD3A39084B5B0F7506 /* HttpRequest.swift */ = {isa = PBXFileReference; lastKnownFileType = sourcecode.swift; path = HttpRequest.swift; sourceTree = "<group>"; };
		C8A98F2FA0A26E4AFDD93E4A /* Release.xcconfig */ = {isa = PBXFileReference; lastKnownFileType = text.xcconfig; path = Release.xcconfig; sourceTree = "<group>"; };
		CAD8730B0993034C0AF262E1 /* ReqresClient.swift */ = {isa = PBXFileReference; lastKnownFileType = sourcecode.swift; path = ReqresClient.swift; sourceTree = "<group>"; };
		D6968CEE12850408ADB1C7EC /* User.swift */ = {isa = PBXFileReference; lastKnownFileType = sourcecode.swift; path = User.swift; sourceTree = "<group>"; };
		D945DCFFA188C74EA682D9B4 /* Mock.app */ = {isa = PBXFileReference; includeInIndex = 0; lastKnownFileType = wrapper.application; path = Mock.app; sourceTree = BUILT_PRODUCTS_DIR; };
		ECD9749C4CA793BB148AE569 /* Assets.xcassets */ = {isa = PBXFileReference; lastKnownFileType = folder.assetcatalog; path = Assets.xcassets; sourceTree = "<group>"; };
		F4FAF354CFFCF2E3585F1084 /* MuuvTest.swift */ = {isa = PBXFileReference; lastKnownFileType = sourcecode.swift; path = MuuvTest.swift; sourceTree = "<group>"; };
		FE44253228AA93D40037665D /* Color+.swift */ = {isa = PBXFileReference; lastKnownFileType = sourcecode.swift; path = "Color+.swift"; sourceTree = "<group>"; };
		FE44253428AA964E0037665D /* ListButton.swift */ = {isa = PBXFileReference; lastKnownFileType = sourcecode.swift; path = ListButton.swift; sourceTree = "<group>"; };
		FF511779301CDE38A6E58BD3 /* ListViewModel.swift */ = {isa = PBXFileReference; lastKnownFileType = sourcecode.swift; path = ListViewModel.swift; sourceTree = "<group>"; };
/* End PBXFileReference section */

/* Begin PBXFrameworksBuildPhase section */
		03CB3181D93E98471E279CC3 /* Frameworks */ = {
			isa = PBXFrameworksBuildPhase;
			buildActionMask = 2147483647;
			files = (
				FED572DFBA66C79D6FFBA250 /* Alamofire in Frameworks */,
				0CFF25F339AB0AA7F012990F /* Features.framework in Frameworks */,
				DB6F72A5BD0DCAF5391EA078 /* HttpClient.framework in Frameworks */,
				4AB866980C23E45E413B8D42 /* HttpClientLive.framework in Frameworks */,
				BAF4E3FF29FAECE3D8E47B56 /* Kingfisher in Frameworks */,
				A7E82690133A1781BECFBCF6 /* ReqresClient.framework in Frameworks */,
				9FADDF0944997DDD63994844 /* ReqresClientLive.framework in Frameworks */,
				F42B17953FD129B34335A7CE /* Swinject in Frameworks */,
				FAD9DA665E975D26504D718D /* SwinjectAutoregistration in Frameworks */,
			);
			runOnlyForDeploymentPostprocessing = 0;
		};
		12CC9583022195A5B11E5E6F /* Frameworks */ = {
			isa = PBXFrameworksBuildPhase;
			buildActionMask = 2147483647;
			files = (
				9A4FCBE5D95C7938EC13C980 /* Kingfisher in Frameworks */,
				F8EF07DCD31327F7C5EA726F /* Swinject in Frameworks */,
				FF19197D6D4A2660F31CD700 /* SwinjectAutoregistration in Frameworks */,
			);
			runOnlyForDeploymentPostprocessing = 0;
		};
		7C996E979C74A0A8C4204C8A /* Frameworks */ = {
			isa = PBXFrameworksBuildPhase;
			buildActionMask = 2147483647;
			files = (
				D1C8BD01F6C53CA4DA5FA0A8 /* Alamofire in Frameworks */,
				49F741741835FB6D3BFECFA1 /* HttpClient.framework in Frameworks */,
				3576590725C9A59B9644B2C7 /* HttpClientLive.framework in Frameworks */,
				28964B50D9C91B11619C0C94 /* ReqresClient.framework in Frameworks */,
			);
			runOnlyForDeploymentPostprocessing = 0;
		};
		B803F22312DEF12A91DEA56C /* Frameworks */ = {
			isa = PBXFrameworksBuildPhase;
			buildActionMask = 2147483647;
			files = (
				832E1F4A08D070B661C6B32C /* Alamofire in Frameworks */,
				8EE2E7C39AD152F5E53D3EA6 /* HttpClient.framework in Frameworks */,
			);
			runOnlyForDeploymentPostprocessing = 0;
		};
		BBA6999D81CE502B41E24B29 /* Frameworks */ = {
			isa = PBXFrameworksBuildPhase;
			buildActionMask = 2147483647;
			files = (
				F2C03B22A2CFC541E043152A /* Features.framework in Frameworks */,
				325F23E8548991D481362C9D /* HttpClient.framework in Frameworks */,
				8D7F7DB5E01EAD0C2AF237F3 /* Kingfisher in Frameworks */,
				74063612988EE44FA351A84E /* ReqresClient.framework in Frameworks */,
				06FEF35A4B10504A4E2B8BBA /* Swinject in Frameworks */,
				F47DDC7C224F4418C0039868 /* SwinjectAutoregistration in Frameworks */,
			);
			runOnlyForDeploymentPostprocessing = 0;
		};
		E96B7A7F574991FD6E689462 /* Frameworks */ = {
			isa = PBXFrameworksBuildPhase;
			buildActionMask = 2147483647;
			files = (
				30EAA9F0322E6AFE06B36EA3 /* Alamofire in Frameworks */,
				E1648C12FAB19B4F90447C11 /* Features.framework in Frameworks */,
				A329BA007ABA75327F3B97BA /* HttpClient.framework in Frameworks */,
				C320CFE611668314521B51D8 /* HttpClientLive.framework in Frameworks */,
				EC873DBB8DF2B36707CD005E /* Kingfisher in Frameworks */,
				7F99DA94660656DFE2B46E0E /* ReqresClient.framework in Frameworks */,
				8705C81814E18AA58221C325 /* ReqresClientLive.framework in Frameworks */,
				8865F96979D7F9439B6297D5 /* Swinject in Frameworks */,
				9F85D84320A515EF3760B30C /* SwinjectAutoregistration in Frameworks */,
			);
			runOnlyForDeploymentPostprocessing = 0;
		};
/* End PBXFrameworksBuildPhase section */

/* Begin PBXGroup section */
		0064AA3EAFFD461A017CB616 /* Preview Content */ = {
			isa = PBXGroup;
			children = (
				19D94B40F1F56BA48396A2B0 /* Preview Assets.xcassets */,
			);
			path = "Preview Content";
			sourceTree = "<group>";
		};
		04418ED1AC00D92203F8D46D /* Features */ = {
			isa = PBXGroup;
			children = (
				2E46D09D577CEA4253DBD0BC /* Sources */,
			);
			path = Features;
			sourceTree = "<group>";
		};
		2685D078282F6EBA13C09C9B /* UI */ = {
			isa = PBXGroup;
			children = (
				2F04C99015AC77C9BD0BC058 /* ContentView.swift */,
				2EB91AB2BD557D11A2E9C9C7 /* ListView */,
			);
			path = UI;
			sourceTree = "<group>";
		};
		2B12177504367D39BC80A9F2 /* Live */ = {
			isa = PBXGroup;
			children = (
				0EB3F14920D1CCC5F724A4D1 /* HttpClient.swift */,
				C8582DCD3A39084B5B0F7506 /* HttpRequest.swift */,
				0A014A7759DF4E0BBCE6A322 /* Info.plist */,
			);
			path = Live;
			sourceTree = "<group>";
		};
		2E46D09D577CEA4253DBD0BC /* Sources */ = {
			isa = PBXGroup;
			children = (
				3E7479D495AE18299404B7ED /* Info.plist */,
				5DEC6262A86A55DFAE94D1F1 /* System */,
				2685D078282F6EBA13C09C9B /* UI */,
				6424D6E285076E48E1BC64E4 /* Usecases */,
				7191C151DA5297BFD7601351 /* Util */,
			);
			path = Sources;
			sourceTree = "<group>";
		};
		2EB91AB2BD557D11A2E9C9C7 /* ListView */ = {
			isa = PBXGroup;
			children = (
				A88B01D491C09823E25266B8 /* ListElement.swift */,
				4F0EDAD12B6A5BD5B71CA80A /* ListView.swift */,
				FF511779301CDE38A6E58BD3 /* ListViewModel.swift */,
				5EA7713473A97BED0E5F55FC /* LoadingView.swift */,
				FE44253428AA964E0037665D /* ListButton.swift */,
			);
			path = ListView;
			sourceTree = "<group>";
		};
		38A24F8C728C45446F4ECA92 /* ReqresDomain */ = {
			isa = PBXGroup;
			children = (
				9F88A189A881377E7CCA1167 /* Domain.swift */,
				D6968CEE12850408ADB1C7EC /* User.swift */,
			);
			path = ReqresDomain;
			sourceTree = "<group>";
		};
		5DEC6262A86A55DFAE94D1F1 /* System */ = {
			isa = PBXGroup;
			children = (
				645A647416C89138E5554A8D /* DI.swift */,
				98B60821947A42E8EB16A155 /* FeaturesAssembly.swift */,
			);
			path = System;
			sourceTree = "<group>";
		};
		6424D6E285076E48E1BC64E4 /* Usecases */ = {
			isa = PBXGroup;
			children = (
				2020C5B2E40D4D0FC4178C8A /* UsersUseCase.swift */,
			);
			path = Usecases;
			sourceTree = "<group>";
		};
		6551BA61B187C98DFC4CB7AC /* Sources */ = {
			isa = PBXGroup;
			children = (
				F4FAF354CFFCF2E3585F1084 /* MuuvTest.swift */,
			);
			path = Sources;
			sourceTree = "<group>";
		};
		66F16E99D703AE25FDCCCBC4 /* HttpClient */ = {
			isa = PBXGroup;
			children = (
				88E0A90B3F780451097F6D61 /* Interface */,
				2B12177504367D39BC80A9F2 /* Live */,
			);
			path = HttpClient;
			sourceTree = "<group>";
		};
		7191C151DA5297BFD7601351 /* Util */ = {
			isa = PBXGroup;
			children = (
				516CCF34C4128FB69A6ABF8A /* String+.swift */,
				95D3ECC95F8A2A2C9889D8D8 /* View+.swift */,
				FE44253228AA93D40037665D /* Color+.swift */,
			);
			path = Util;
			sourceTree = "<group>";
		};
		78BDE020A9E2A24EA973FB69 /* Mocks */ = {
			isa = PBXGroup;
			children = (
				3D4B45724D0EA786DFA41954 /* get_users_200.json */,
			);
			path = Mocks;
			sourceTree = "<group>";
		};
		7DE32013B9866684F1845268 = {
			isa = PBXGroup;
			children = (
				E4317C6F4B3AE91A61186EA0 /* Clients */,
				D4734F2F50E9FE1A983085FE /* Configs */,
				04418ED1AC00D92203F8D46D /* Features */,
				78BDE020A9E2A24EA973FB69 /* Mocks */,
				E26BE574C8BABB23BB4C9210 /* MuuvTest */,
				DC5BB7EEE87AFC4B04593C08 /* Products */,
			);
			sourceTree = "<group>";
		};
		88E0A90B3F780451097F6D61 /* Interface */ = {
			isa = PBXGroup;
			children = (
				17EAA42D86F6A90822B03E4E /* HttpError.swift */,
				80098995123EB5B182159AB7 /* Info.plist */,
			);
			path = Interface;
			sourceTree = "<group>";
		};
		9138CC85D119002708D1C5B0 /* Resources */ = {
			isa = PBXGroup;
			children = (
				ECD9749C4CA793BB148AE569 /* Assets.xcassets */,
				22B0D75124D93578F3AC6B38 /* Colors.xcassets */,
				ADD51FEA30F4A8290AC911D8 /* Info.plist */,
				A39653FE5C52B550D9113565 /* Localizable.strings */,
			);
			path = Resources;
			sourceTree = "<group>";
		};
		932E0BBE636DC2ABA9471B8E /* Mock */ = {
			isa = PBXGroup;
			children = (
				90C78F3C62F89BF73F1E7520 /* AppAssembly.swift */,
			);
			path = Mock;
			sourceTree = "<group>";
		};
		956A33F480C27993E651C91A /* ReqresClient */ = {
			isa = PBXGroup;
			children = (
				D0BEC205E5E8B3497E57CE76 /* Interface */,
				E0D89B28B827C7012F0168B0 /* Live */,
			);
			path = ReqresClient;
			sourceTree = "<group>";
		};
		A34758C51DCEF6C28DB2C143 /* Live */ = {
			isa = PBXGroup;
			children = (
				4409AE345AC717F3A472DCA3 /* AppAssembly.swift */,
			);
			path = Live;
			sourceTree = "<group>";
		};
		B040FDE9A0B39552BC5AB7F6 /* Common */ = {
			isa = PBXGroup;
			children = (
				0064AA3EAFFD461A017CB616 /* Preview Content */,
				9138CC85D119002708D1C5B0 /* Resources */,
				6551BA61B187C98DFC4CB7AC /* Sources */,
			);
			path = Common;
			sourceTree = "<group>";
		};
		D0BEC205E5E8B3497E57CE76 /* Interface */ = {
			isa = PBXGroup;
			children = (
				01E9188FFA20548887C8017C /* Info.plist */,
				CAD8730B0993034C0AF262E1 /* ReqresClient.swift */,
				961BB866046F837E57B77B88 /* ReqresClientMock.swift */,
				38A24F8C728C45446F4ECA92 /* ReqresDomain */,
			);
			path = Interface;
			sourceTree = "<group>";
		};
		D4734F2F50E9FE1A983085FE /* Configs */ = {
			isa = PBXGroup;
			children = (
				11365948C577926AFE0276A7 /* Debug.xcconfig */,
				C8A98F2FA0A26E4AFDD93E4A /* Release.xcconfig */,
			);
			path = Configs;
			sourceTree = "<group>";
		};
		D66E793157D876DE6766F281 /* Configurations */ = {
			isa = PBXGroup;
			children = (
				A34758C51DCEF6C28DB2C143 /* Live */,
				932E0BBE636DC2ABA9471B8E /* Mock */,
			);
			path = Configurations;
			sourceTree = "<group>";
		};
		DC5BB7EEE87AFC4B04593C08 /* Products */ = {
			isa = PBXGroup;
			children = (
				1FD4BFD10B337CB4B9DBD697 /* Development.app */,
				8A05A5985532DD3499260DE9 /* Features.framework */,
				6BD4F5B1A98FCA78297AF7AF /* HttpClient.framework */,
				3C8981402C693E666C2FF495 /* HttpClientLive.framework */,
				D945DCFFA188C74EA682D9B4 /* Mock.app */,
				2DA16E7C85CA6CE3661982CF /* Production.app */,
				055F30EE91BBF917894626D2 /* ReqresClient.framework */,
				93354E6F8F65887863EE411A /* ReqresClientLive.framework */,
			);
			name = Products;
			sourceTree = "<group>";
		};
		E0D89B28B827C7012F0168B0 /* Live */ = {
			isa = PBXGroup;
			children = (
				4C5D55B683FA0360580D62E7 /* Info.plist */,
				9FBD9789B9280C042B94C28D /* ReqresClientLive.swift */,
			);
			path = Live;
			sourceTree = "<group>";
		};
		E26BE574C8BABB23BB4C9210 /* MuuvTest */ = {
			isa = PBXGroup;
			children = (
				B040FDE9A0B39552BC5AB7F6 /* Common */,
				D66E793157D876DE6766F281 /* Configurations */,
			);
			path = MuuvTest;
			sourceTree = "<group>";
		};
		E4317C6F4B3AE91A61186EA0 /* Clients */ = {
			isa = PBXGroup;
			children = (
				66F16E99D703AE25FDCCCBC4 /* HttpClient */,
				956A33F480C27993E651C91A /* ReqresClient */,
			);
			path = Clients;
			sourceTree = "<group>";
		};
/* End PBXGroup section */

/* Begin PBXNativeTarget section */
		1C03E7D704F67785173D8E43 /* Production */ = {
			isa = PBXNativeTarget;
			buildConfigurationList = FA786B7A128F81BE0CA4773A /* Build configuration list for PBXNativeTarget "Production" */;
			buildPhases = (
				BDC2CE33EA4D3B8D6E1D1FF0 /* CodeFormatting */,
				C840246D6DD6888FA884E373 /* Sources */,
				59AA096A71F5D61D1A527FC3 /* Resources */,
				E96B7A7F574991FD6E689462 /* Frameworks */,
				8705B3E9A89D4AFBD7F45416 /* Embed Frameworks */,
			);
			buildRules = (
			);
			dependencies = (
				B3B04C3A71147390AC02D643 /* PBXTargetDependency */,
				CCAD677B100C467256D65A71 /* PBXTargetDependency */,
				00DB97A1A5288345906692B2 /* PBXTargetDependency */,
				EE3E097377FC52B9DA80E21A /* PBXTargetDependency */,
				5A43B25EB0A79699595515DE /* PBXTargetDependency */,
			);
			name = Production;
			packageProductDependencies = (
				BA4489AB7B43887EDBAAD21D /* Alamofire */,
				4D473AAD0A4B8AE41BDEC0FF /* Kingfisher */,
				BD2371854495B6720912A2BD /* Swinject */,
				73BFECB365FB3F10506FCA17 /* SwinjectAutoregistration */,
			);
			productName = Production;
			productReference = 2DA16E7C85CA6CE3661982CF /* Production.app */;
			productType = "com.apple.product-type.application";
		};
		27D2095CE05359331F8C24B3 /* HttpClientLive */ = {
			isa = PBXNativeTarget;
			buildConfigurationList = 5D89EE97BCF28B0776569D77 /* Build configuration list for PBXNativeTarget "HttpClientLive" */;
			buildPhases = (
				04F20D1F12D5B83778F7FDF8 /* Sources */,
				B803F22312DEF12A91DEA56C /* Frameworks */,
			);
			buildRules = (
			);
			dependencies = (
				F246B55A526A2A44E97559E8 /* PBXTargetDependency */,
			);
			name = HttpClientLive;
			packageProductDependencies = (
				5B010505E5FEF13C25118225 /* Alamofire */,
			);
			productName = HttpClientLive;
			productReference = 3C8981402C693E666C2FF495 /* HttpClientLive.framework */;
			productType = "com.apple.product-type.framework";
		};
		3CFDA1598BCCA487122B387D /* ReqresClient */ = {
			isa = PBXNativeTarget;
			buildConfigurationList = B7B97A440374FA1BA31BA075 /* Build configuration list for PBXNativeTarget "ReqresClient" */;
			buildPhases = (
				210BADF57C41B3B05C0473F9 /* Sources */,
			);
			buildRules = (
			);
			dependencies = (
			);
			name = ReqresClient;
			productName = ReqresClient;
			productReference = 055F30EE91BBF917894626D2 /* ReqresClient.framework */;
			productType = "com.apple.product-type.framework";
		};
		45ECE0323025B2D3F55B6643 /* Development */ = {
			isa = PBXNativeTarget;
			buildConfigurationList = CFCF406AD207E1769BAA2579 /* Build configuration list for PBXNativeTarget "Development" */;
			buildPhases = (
				1010F0BBA09340E550648A78 /* CodeFormatting */,
				759EE45375BF9983FC4FC75B /* Sources */,
				4FE107D7B168CF8FAD534E2C /* Resources */,
				03CB3181D93E98471E279CC3 /* Frameworks */,
				2857C4D4FE7B47914E30FDEB /* Embed Frameworks */,
			);
			buildRules = (
			);
			dependencies = (
				C6B478BD1031F30865D2E5FE /* PBXTargetDependency */,
				F02758D05EC39DF64D12C5B5 /* PBXTargetDependency */,
				0CAC677E6AE8F74E5DB36920 /* PBXTargetDependency */,
				0178C904FA5575EA89908D40 /* PBXTargetDependency */,
				E96F426990D8F2663385A640 /* PBXTargetDependency */,
			);
			name = Development;
			packageProductDependencies = (
				D20E673C2876FFB3E91339F2 /* Alamofire */,
				ED332D6383ED19A28A099373 /* Kingfisher */,
				D18539C370F8170944DE67B8 /* Swinject */,
				60B83B447E72B58B5D7F1686 /* SwinjectAutoregistration */,
			);
			productName = Development;
			productReference = 1FD4BFD10B337CB4B9DBD697 /* Development.app */;
			productType = "com.apple.product-type.application";
		};
		9D004C6FFEC286F8F97B522B /* Mock */ = {
			isa = PBXNativeTarget;
			buildConfigurationList = E23A617157374AD4B40B7533 /* Build configuration list for PBXNativeTarget "Mock" */;
			buildPhases = (
				89B4A1AF0DB920C7478E0657 /* CodeFormatting */,
				0135D4BFF827D54F77F20FC9 /* Sources */,
				2CFE1E4F45847F58DB82EEF1 /* Resources */,
				BBA6999D81CE502B41E24B29 /* Frameworks */,
				F11FE70CB3D23D007C8ACE70 /* Embed Frameworks */,
			);
			buildRules = (
			);
			dependencies = (
				7DBC362FC2AADF997CA5C63C /* PBXTargetDependency */,
				7DE56DF1A8CCA35240FCA169 /* PBXTargetDependency */,
				3EE585A65FFAC77BCC70458E /* PBXTargetDependency */,
			);
			name = Mock;
			packageProductDependencies = (
				2F19F9204DA4FE2334C3849F /* Kingfisher */,
				59C8B8EFB7B8050E78988BEC /* Swinject */,
				979614DA6E6C264A37B45E4B /* SwinjectAutoregistration */,
			);
			productName = Mock;
			productReference = D945DCFFA188C74EA682D9B4 /* Mock.app */;
			productType = "com.apple.product-type.application";
		};
		C193C4403171CAA39863A72C /* Features */ = {
			isa = PBXNativeTarget;
			buildConfigurationList = EF737B36C3A982951EAAFAB7 /* Build configuration list for PBXNativeTarget "Features" */;
			buildPhases = (
				A598CD9D72895290EBA9D501 /* Sources */,
				12CC9583022195A5B11E5E6F /* Frameworks */,
			);
			buildRules = (
			);
			dependencies = (
			);
			name = Features;
			packageProductDependencies = (
				7FBC334E9A29973B37A2B885 /* Kingfisher */,
				1476976CE86302CE0ADCC955 /* Swinject */,
				076BF9F1948EBF6F08AA13F7 /* SwinjectAutoregistration */,
			);
			productName = Features;
			productReference = 8A05A5985532DD3499260DE9 /* Features.framework */;
			productType = "com.apple.product-type.framework";
		};
		D3D7D0D5386CA698848F0184 /* ReqresClientLive */ = {
			isa = PBXNativeTarget;
			buildConfigurationList = 13B1044C0FF1C80B2B3FFA01 /* Build configuration list for PBXNativeTarget "ReqresClientLive" */;
			buildPhases = (
				8F189B3C58D7D7FC8B3E11D1 /* Sources */,
				7C996E979C74A0A8C4204C8A /* Frameworks */,
			);
			buildRules = (
			);
			dependencies = (
				B56B2BFF9058D2C8B7547B6E /* PBXTargetDependency */,
				FFA073E90C15C6C11D5A4B5D /* PBXTargetDependency */,
				865292EEC4CB529DEEAED214 /* PBXTargetDependency */,
			);
			name = ReqresClientLive;
			packageProductDependencies = (
				80C07284E19CDFC3D4F952A0 /* Alamofire */,
			);
			productName = ReqresClientLive;
			productReference = 93354E6F8F65887863EE411A /* ReqresClientLive.framework */;
			productType = "com.apple.product-type.framework";
		};
		F926DEF3061708630A8DA07C /* HttpClient */ = {
			isa = PBXNativeTarget;
			buildConfigurationList = CF30EC3D67DEA6A209CF88D6 /* Build configuration list for PBXNativeTarget "HttpClient" */;
			buildPhases = (
				905DAFF9733FD5F8AFDFCE03 /* Sources */,
			);
			buildRules = (
			);
			dependencies = (
			);
			name = HttpClient;
			productName = HttpClient;
			productReference = 6BD4F5B1A98FCA78297AF7AF /* HttpClient.framework */;
			productType = "com.apple.product-type.framework";
		};
/* End PBXNativeTarget section */

/* Begin PBXProject section */
		739DAE3F42D62F7476B2FD4E /* Project object */ = {
			isa = PBXProject;
			attributes = {
				LastUpgradeCheck = 1200;
				TargetAttributes = {
					1C03E7D704F67785173D8E43 = {
						ProvisioningStyle = Automatic;
					};
					27D2095CE05359331F8C24B3 = {
						ProvisioningStyle = Automatic;
					};
					3CFDA1598BCCA487122B387D = {
						ProvisioningStyle = Automatic;
					};
					45ECE0323025B2D3F55B6643 = {
						ProvisioningStyle = Automatic;
					};
					9D004C6FFEC286F8F97B522B = {
						ProvisioningStyle = Automatic;
					};
					C193C4403171CAA39863A72C = {
						ProvisioningStyle = Automatic;
					};
					D3D7D0D5386CA698848F0184 = {
						ProvisioningStyle = Automatic;
					};
					F926DEF3061708630A8DA07C = {
						ProvisioningStyle = Automatic;
					};
				};
			};
			buildConfigurationList = A137CCB2C1E0BE098F320202 /* Build configuration list for PBXProject "MuuvTest" */;
			compatibilityVersion = "Xcode 11.0";
			developmentRegion = en;
			hasScannedForEncodings = 0;
			knownRegions = (
				Base,
				en,
			);
			mainGroup = 7DE32013B9866684F1845268;
			packageReferences = (
				F631E1925B734E03B2F7A1F9 /* XCRemoteSwiftPackageReference "Alamofire" */,
				D2FF31A0DF407479DABF4F0A /* XCRemoteSwiftPackageReference "Kingfisher" */,
				F7BE2DFB4E173744EC154544 /* XCRemoteSwiftPackageReference "Swinject" */,
				86DA24C5128F356EDFB87C52 /* XCRemoteSwiftPackageReference "SwinjectAutoregistration" */,
			);
			projectDirPath = "";
			projectRoot = "";
			targets = (
				45ECE0323025B2D3F55B6643 /* Development */,
				C193C4403171CAA39863A72C /* Features */,
				F926DEF3061708630A8DA07C /* HttpClient */,
				27D2095CE05359331F8C24B3 /* HttpClientLive */,
				9D004C6FFEC286F8F97B522B /* Mock */,
				1C03E7D704F67785173D8E43 /* Production */,
				3CFDA1598BCCA487122B387D /* ReqresClient */,
				D3D7D0D5386CA698848F0184 /* ReqresClientLive */,
			);
		};
/* End PBXProject section */

/* Begin PBXResourcesBuildPhase section */
		2CFE1E4F45847F58DB82EEF1 /* Resources */ = {
			isa = PBXResourcesBuildPhase;
			buildActionMask = 2147483647;
			files = (
				BF6235012258D9487E7C2D96 /* Assets.xcassets in Resources */,
				39F77B0A8E91F5C4C0A9E7C4 /* Colors.xcassets in Resources */,
				F7569D55442E3BDE1B4B68E1 /* Localizable.strings in Resources */,
				4E77F0622B76A66792006809 /* Preview Assets.xcassets in Resources */,
				B917F1FABAD7D6B4BCDCBADE /* get_users_200.json in Resources */,
			);
			runOnlyForDeploymentPostprocessing = 0;
		};
		4FE107D7B168CF8FAD534E2C /* Resources */ = {
			isa = PBXResourcesBuildPhase;
			buildActionMask = 2147483647;
			files = (
				5E5F231DC9ABEFCA36BE8CEE /* Assets.xcassets in Resources */,
				72AA5E3DCBE62F79256C7F9E /* Colors.xcassets in Resources */,
				91C64E7DE175464CFAD044EA /* Localizable.strings in Resources */,
				CBF6DD9AF9874FFC7FD55A18 /* Preview Assets.xcassets in Resources */,
			);
			runOnlyForDeploymentPostprocessing = 0;
		};
		59AA096A71F5D61D1A527FC3 /* Resources */ = {
			isa = PBXResourcesBuildPhase;
			buildActionMask = 2147483647;
			files = (
				5A0366A4F26BC8DA1C155C97 /* Assets.xcassets in Resources */,
				AA7E0CF889DDA1F5BB0BFD52 /* Colors.xcassets in Resources */,
				01E6138DB34D2E6EA1EBE74A /* Localizable.strings in Resources */,
				470587600903C42DA5975CD1 /* Preview Assets.xcassets in Resources */,
			);
			runOnlyForDeploymentPostprocessing = 0;
		};
/* End PBXResourcesBuildPhase section */

/* Begin PBXShellScriptBuildPhase section */
		1010F0BBA09340E550648A78 /* CodeFormatting */ = {
			isa = PBXShellScriptBuildPhase;
			buildActionMask = 2147483647;
			files = (
			);
			inputFileListPaths = (
			);
			inputPaths = (
			);
			name = CodeFormatting;
			outputFileListPaths = (
			);
			outputPaths = (
			);
			runOnlyForDeploymentPostprocessing = 0;
			shellPath = /bin/sh;
			shellScript = "if which swiftFormat >/dev/null; then\n\tgit diff --diff-filter=AM --name-only | grep -e '\\(.*\\).swift$' | while read line; do\n\t\tswiftformat \"${line}\"\n\t\techo \"SwiftFormat: ${line}\"\n\tdone\n  \n\tgit status --porcelain| grep -e '\\(.*\\).swift$' |awk '{if($1==\"M\" || $1==\"A\" || $1==\"AM\") {print $2}}' | while read line; do\n\t\tswiftformat \"${line}\"\n\t\techo \"SwiftFormat: ${line}\"\n\tdone\n\nelse\n\techo \"warning: SwiftFormat not installed\"\nfi\n\nif which swiftlint >/dev/null; then\n\tswiftlint;\nelse\n\techo \"warning: SwiftLint not installed\"\nfi";
		};
		89B4A1AF0DB920C7478E0657 /* CodeFormatting */ = {
			isa = PBXShellScriptBuildPhase;
			buildActionMask = 2147483647;
			files = (
			);
			inputFileListPaths = (
			);
			inputPaths = (
			);
			name = CodeFormatting;
			outputFileListPaths = (
			);
			outputPaths = (
			);
			runOnlyForDeploymentPostprocessing = 0;
			shellPath = /bin/sh;
			shellScript = "if which swiftFormat >/dev/null; then\n\tgit diff --diff-filter=AM --name-only | grep -e '\\(.*\\).swift$' | while read line; do\n\t\tswiftformat \"${line}\"\n\t\techo \"SwiftFormat: ${line}\"\n\tdone\n  \n\tgit status --porcelain| grep -e '\\(.*\\).swift$' |awk '{if($1==\"M\" || $1==\"A\" || $1==\"AM\") {print $2}}' | while read line; do\n\t\tswiftformat \"${line}\"\n\t\techo \"SwiftFormat: ${line}\"\n\tdone\n\nelse\n\techo \"warning: SwiftFormat not installed\"\nfi\n\nif which swiftlint >/dev/null; then\n\tswiftlint;\nelse\n\techo \"warning: SwiftLint not installed\"\nfi";
		};
		BDC2CE33EA4D3B8D6E1D1FF0 /* CodeFormatting */ = {
			isa = PBXShellScriptBuildPhase;
			buildActionMask = 2147483647;
			files = (
			);
			inputFileListPaths = (
			);
			inputPaths = (
			);
			name = CodeFormatting;
			outputFileListPaths = (
			);
			outputPaths = (
			);
			runOnlyForDeploymentPostprocessing = 0;
			shellPath = /bin/sh;
			shellScript = "if which swiftFormat >/dev/null; then\n\tgit diff --diff-filter=AM --name-only | grep -e '\\(.*\\).swift$' | while read line; do\n\t\tswiftformat \"${line}\"\n\t\techo \"SwiftFormat: ${line}\"\n\tdone\n  \n\tgit status --porcelain| grep -e '\\(.*\\).swift$' |awk '{if($1==\"M\" || $1==\"A\" || $1==\"AM\") {print $2}}' | while read line; do\n\t\tswiftformat \"${line}\"\n\t\techo \"SwiftFormat: ${line}\"\n\tdone\n\nelse\n\techo \"warning: SwiftFormat not installed\"\nfi\n\nif which swiftlint >/dev/null; then\n\tswiftlint;\nelse\n\techo \"warning: SwiftLint not installed\"\nfi";
		};
/* End PBXShellScriptBuildPhase section */

/* Begin PBXSourcesBuildPhase section */
		0135D4BFF827D54F77F20FC9 /* Sources */ = {
			isa = PBXSourcesBuildPhase;
			buildActionMask = 2147483647;
			files = (
				F18A69368BA0CCF6C4A08B8C /* AppAssembly.swift in Sources */,
				D29710A98234B77829D24C70 /* MuuvTest.swift in Sources */,
			);
			runOnlyForDeploymentPostprocessing = 0;
		};
		04F20D1F12D5B83778F7FDF8 /* Sources */ = {
			isa = PBXSourcesBuildPhase;
			buildActionMask = 2147483647;
			files = (
				77FB5AF56A5A21B2640F63E1 /* HttpClient.swift in Sources */,
				29B274AAA82C4CBDDD9B5065 /* HttpRequest.swift in Sources */,
			);
			runOnlyForDeploymentPostprocessing = 0;
		};
		210BADF57C41B3B05C0473F9 /* Sources */ = {
			isa = PBXSourcesBuildPhase;
			buildActionMask = 2147483647;
			files = (
				FABCACDA5DF0034319B74338 /* Domain.swift in Sources */,
				F2BC59F6EDE5A1B792612DF4 /* ReqresClient.swift in Sources */,
				BE463F24D6283570083C65DA /* ReqresClientMock.swift in Sources */,
				D3D30F71C078017BC0493B9C /* User.swift in Sources */,
			);
			runOnlyForDeploymentPostprocessing = 0;
		};
		759EE45375BF9983FC4FC75B /* Sources */ = {
			isa = PBXSourcesBuildPhase;
			buildActionMask = 2147483647;
			files = (
				7A07FAD4CCD37252300A1461 /* AppAssembly.swift in Sources */,
				1B8F2497FFA430D617943409 /* MuuvTest.swift in Sources */,
			);
			runOnlyForDeploymentPostprocessing = 0;
		};
		8F189B3C58D7D7FC8B3E11D1 /* Sources */ = {
			isa = PBXSourcesBuildPhase;
			buildActionMask = 2147483647;
			files = (
				F61B9872B55314BB41D7F7FF /* ReqresClientLive.swift in Sources */,
			);
			runOnlyForDeploymentPostprocessing = 0;
		};
		905DAFF9733FD5F8AFDFCE03 /* Sources */ = {
			isa = PBXSourcesBuildPhase;
			buildActionMask = 2147483647;
			files = (
				93F39690F38BDC0ED473AC5F /* HttpError.swift in Sources */,
			);
			runOnlyForDeploymentPostprocessing = 0;
		};
		A598CD9D72895290EBA9D501 /* Sources */ = {
			isa = PBXSourcesBuildPhase;
			buildActionMask = 2147483647;
			files = (
				E09C245D5A49A5D10C5D41EB /* ContentView.swift in Sources */,
				5831E34E9FD5808851331E89 /* DI.swift in Sources */,
				CE72E2CE89B34863E11115B5 /* FeaturesAssembly.swift in Sources */,
				FE44253528AA964E0037665D /* ListButton.swift in Sources */,
				B944937770AA219EE7AA0EAD /* ListElement.swift in Sources */,
				FF8BBE930DF435876D723F15 /* ListView.swift in Sources */,
				0D9D85858D77EC3A913A6597 /* ListViewModel.swift in Sources */,
				8F08E98109BA5A3EF5722592 /* LoadingView.swift in Sources */,
				A1890B93602BACEFC0C1A22C /* String+.swift in Sources */,
				FE44253328AA93D40037665D /* Color+.swift in Sources */,
				1728300019103CB1782B82B1 /* UsersUseCase.swift in Sources */,
				DB9CE23731D3CD8A12B0AF84 /* View+.swift in Sources */,
			);
			runOnlyForDeploymentPostprocessing = 0;
		};
		C840246D6DD6888FA884E373 /* Sources */ = {
			isa = PBXSourcesBuildPhase;
			buildActionMask = 2147483647;
			files = (
				A2E979215AAAE4C6BB6A2EEF /* AppAssembly.swift in Sources */,
				CD70C1B2097CA7526A426EFB /* MuuvTest.swift in Sources */,
			);
			runOnlyForDeploymentPostprocessing = 0;
		};
/* End PBXSourcesBuildPhase section */

/* Begin PBXTargetDependency section */
		00DB97A1A5288345906692B2 /* PBXTargetDependency */ = {
			isa = PBXTargetDependency;
			target = 27D2095CE05359331F8C24B3 /* HttpClientLive */;
			targetProxy = 32B09EFE8DE50B895034DD8C /* PBXContainerItemProxy */;
		};
		0178C904FA5575EA89908D40 /* PBXTargetDependency */ = {
			isa = PBXTargetDependency;
			target = 3CFDA1598BCCA487122B387D /* ReqresClient */;
			targetProxy = 418F651917A27BE45D9CD01E /* PBXContainerItemProxy */;
		};
		0CAC677E6AE8F74E5DB36920 /* PBXTargetDependency */ = {
			isa = PBXTargetDependency;
			target = 27D2095CE05359331F8C24B3 /* HttpClientLive */;
			targetProxy = 542FFFED9E5398B7B42EDDFF /* PBXContainerItemProxy */;
		};
		3EE585A65FFAC77BCC70458E /* PBXTargetDependency */ = {
			isa = PBXTargetDependency;
			target = 3CFDA1598BCCA487122B387D /* ReqresClient */;
			targetProxy = 0BC94D9731FD91717B26D2BB /* PBXContainerItemProxy */;
		};
		5A43B25EB0A79699595515DE /* PBXTargetDependency */ = {
			isa = PBXTargetDependency;
			target = D3D7D0D5386CA698848F0184 /* ReqresClientLive */;
			targetProxy = F12298803EC3129B913A7BFE /* PBXContainerItemProxy */;
		};
		7DBC362FC2AADF997CA5C63C /* PBXTargetDependency */ = {
			isa = PBXTargetDependency;
			target = C193C4403171CAA39863A72C /* Features */;
			targetProxy = C25E3477C45A493D40CB74F1 /* PBXContainerItemProxy */;
		};
		7DE56DF1A8CCA35240FCA169 /* PBXTargetDependency */ = {
			isa = PBXTargetDependency;
			target = F926DEF3061708630A8DA07C /* HttpClient */;
			targetProxy = 14D04C457D80FE9C2815610A /* PBXContainerItemProxy */;
		};
		865292EEC4CB529DEEAED214 /* PBXTargetDependency */ = {
			isa = PBXTargetDependency;
			target = 3CFDA1598BCCA487122B387D /* ReqresClient */;
			targetProxy = 0EA51DD18271311AF008745F /* PBXContainerItemProxy */;
		};
		B3B04C3A71147390AC02D643 /* PBXTargetDependency */ = {
			isa = PBXTargetDependency;
			target = C193C4403171CAA39863A72C /* Features */;
			targetProxy = AEF6FE05383E331A647765A7 /* PBXContainerItemProxy */;
		};
		B56B2BFF9058D2C8B7547B6E /* PBXTargetDependency */ = {
			isa = PBXTargetDependency;
			target = F926DEF3061708630A8DA07C /* HttpClient */;
			targetProxy = B65828DAEB8E09EA67B2ECED /* PBXContainerItemProxy */;
		};
		C6B478BD1031F30865D2E5FE /* PBXTargetDependency */ = {
			isa = PBXTargetDependency;
			target = C193C4403171CAA39863A72C /* Features */;
			targetProxy = 3931041E5483C2CE1EDAD391 /* PBXContainerItemProxy */;
		};
		CCAD677B100C467256D65A71 /* PBXTargetDependency */ = {
			isa = PBXTargetDependency;
			target = F926DEF3061708630A8DA07C /* HttpClient */;
			targetProxy = E5CFD1B8AF5569CF6EBE7AA2 /* PBXContainerItemProxy */;
		};
		E96F426990D8F2663385A640 /* PBXTargetDependency */ = {
			isa = PBXTargetDependency;
			target = D3D7D0D5386CA698848F0184 /* ReqresClientLive */;
			targetProxy = 60C71BF5C7EEAA82BE3D1539 /* PBXContainerItemProxy */;
		};
		EE3E097377FC52B9DA80E21A /* PBXTargetDependency */ = {
			isa = PBXTargetDependency;
			target = 3CFDA1598BCCA487122B387D /* ReqresClient */;
			targetProxy = 77D66E73E1859ADEA44EAA5C /* PBXContainerItemProxy */;
		};
		F02758D05EC39DF64D12C5B5 /* PBXTargetDependency */ = {
			isa = PBXTargetDependency;
			target = F926DEF3061708630A8DA07C /* HttpClient */;
			targetProxy = 56E7BFD46BD19F2017FCC228 /* PBXContainerItemProxy */;
		};
		F246B55A526A2A44E97559E8 /* PBXTargetDependency */ = {
			isa = PBXTargetDependency;
			target = F926DEF3061708630A8DA07C /* HttpClient */;
			targetProxy = 614D42A077A2704152036672 /* PBXContainerItemProxy */;
		};
		FFA073E90C15C6C11D5A4B5D /* PBXTargetDependency */ = {
			isa = PBXTargetDependency;
			target = 27D2095CE05359331F8C24B3 /* HttpClientLive */;
			targetProxy = 8492B7052B3CC9DF41D1D1A1 /* PBXContainerItemProxy */;
		};
/* End PBXTargetDependency section */

/* Begin XCBuildConfiguration section */
		2EE3A6B71116690BD691280C /* Debug */ = {
			isa = XCBuildConfiguration;
			buildSettings = {
				ASSETCATALOG_COMPILER_APPICON_NAME = AppIcon;
				CODE_SIGN_IDENTITY = "iPhone Developer";
				INFOPLIST_FILE = MuuvTest/Common/Resources/Info.plist;
				LD_RUNPATH_SEARCH_PATHS = (
					"$(inherited)",
					"@executable_path/Frameworks",
				);
				PRODUCT_BUNDLE_IDENTIFIER = com.muuvtest.app;
				SDKROOT = iphoneos;
				TARGETED_DEVICE_FAMILY = "1,2";
			};
			name = Debug;
		};
		5D56303DC797CB5C32D39C23 /* Release */ = {
			isa = XCBuildConfiguration;
			buildSettings = {
				CODE_SIGN_IDENTITY = "";
				DEFINES_MODULE = YES;
				DYLIB_COMPATIBILITY_VERSION = 1;
				DYLIB_CURRENT_VERSION = 1;
				DYLIB_INSTALL_NAME_BASE = "@rpath";
				INFOPLIST_FILE = Clients/HttpClient/Interface/Info.plist;
				INSTALL_PATH = "$(LOCAL_LIBRARY_DIR)/Frameworks";
				LD_RUNPATH_SEARCH_PATHS = (
					"$(inherited)",
					"@executable_path/Frameworks",
				);
				PRODUCT_BUNDLE_IDENTIFIER = com.muuvtest.app.HttpClient;
				SDKROOT = iphoneos;
				SKIP_INSTALL = YES;
				TARGETED_DEVICE_FAMILY = "1,2";
				VERSIONING_SYSTEM = "apple-generic";
			};
			name = Release;
		};
		5DC1478637BD2E92A6C0F7EE /* Release */ = {
			isa = XCBuildConfiguration;
			buildSettings = {
				ASSETCATALOG_COMPILER_APPICON_NAME = AppIcon;
				CODE_SIGN_IDENTITY = "iPhone Developer";
				INFOPLIST_FILE = MuuvTest/Common/Resources/Info.plist;
				LD_RUNPATH_SEARCH_PATHS = (
					"$(inherited)",
					"@executable_path/Frameworks",
				);
				PRODUCT_BUNDLE_IDENTIFIER = com.muuvtest.app;
				SDKROOT = iphoneos;
				TARGETED_DEVICE_FAMILY = "1,2";
			};
			name = Release;
		};
		680CDF92BC69B237B6165C51 /* Release */ = {
			isa = XCBuildConfiguration;
			buildSettings = {
				ASSETCATALOG_COMPILER_APPICON_NAME = AppIcon;
				CODE_SIGN_IDENTITY = "iPhone Developer";
				INFOPLIST_FILE = MuuvTest/Common/Resources/Info.plist;
				LD_RUNPATH_SEARCH_PATHS = (
					"$(inherited)",
					"@executable_path/Frameworks",
				);
				PRODUCT_BUNDLE_IDENTIFIER = com.muuvtest.app;
				SDKROOT = iphoneos;
				TARGETED_DEVICE_FAMILY = "1,2";
			};
			name = Release;
		};
		7023AE8068720AB18A483F8F /* Debug */ = {
			isa = XCBuildConfiguration;
			buildSettings = {
				CODE_SIGN_IDENTITY = "";
				DEFINES_MODULE = YES;
				DYLIB_COMPATIBILITY_VERSION = 1;
				DYLIB_CURRENT_VERSION = 1;
				DYLIB_INSTALL_NAME_BASE = "@rpath";
				INFOPLIST_FILE = Clients/ReqresClient/Interface/Info.plist;
				INSTALL_PATH = "$(LOCAL_LIBRARY_DIR)/Frameworks";
				LD_RUNPATH_SEARCH_PATHS = (
					"$(inherited)",
					"@executable_path/Frameworks",
				);
				PRODUCT_BUNDLE_IDENTIFIER = com.muuvtest.app.ReqresClient;
				SDKROOT = iphoneos;
				SKIP_INSTALL = YES;
				TARGETED_DEVICE_FAMILY = "1,2";
				VERSIONING_SYSTEM = "apple-generic";
			};
			name = Debug;
		};
		7451B766CE78CCF5AA38A597 /* Release */ = {
			isa = XCBuildConfiguration;
			buildSettings = {
				CODE_SIGN_IDENTITY = "";
				DEFINES_MODULE = YES;
				DYLIB_COMPATIBILITY_VERSION = 1;
				DYLIB_CURRENT_VERSION = 1;
				DYLIB_INSTALL_NAME_BASE = "@rpath";
				INFOPLIST_FILE = Clients/HttpClient/Live/Info.plist;
				INSTALL_PATH = "$(LOCAL_LIBRARY_DIR)/Frameworks";
				LD_RUNPATH_SEARCH_PATHS = (
					"$(inherited)",
					"@executable_path/Frameworks",
				);
				PRODUCT_BUNDLE_IDENTIFIER = com.muuvtest.app.HttpClientLive;
				SDKROOT = iphoneos;
				SKIP_INSTALL = YES;
				TARGETED_DEVICE_FAMILY = "1,2";
				VERSIONING_SYSTEM = "apple-generic";
			};
			name = Release;
		};
		7D7C6CE861DF6D0EC39C97B9 /* Debug */ = {
			isa = XCBuildConfiguration;
			buildSettings = {
				ASSETCATALOG_COMPILER_APPICON_NAME = AppIcon;
				CODE_SIGN_IDENTITY = "iPhone Developer";
				INFOPLIST_FILE = MuuvTest/Common/Resources/Info.plist;
				LD_RUNPATH_SEARCH_PATHS = (
					"$(inherited)",
					"@executable_path/Frameworks",
				);
				PRODUCT_BUNDLE_IDENTIFIER = com.muuvtest.app;
				SDKROOT = iphoneos;
				TARGETED_DEVICE_FAMILY = "1,2";
			};
			name = Debug;
		};
		8D93188023E042B169FD6042 /* Debug */ = {
			isa = XCBuildConfiguration;
			buildSettings = {
				CODE_SIGN_IDENTITY = "";
				DEFINES_MODULE = YES;
				DYLIB_COMPATIBILITY_VERSION = 1;
				DYLIB_CURRENT_VERSION = 1;
				DYLIB_INSTALL_NAME_BASE = "@rpath";
				INFOPLIST_FILE = Clients/ReqresClient/Live/Info.plist;
				INSTALL_PATH = "$(LOCAL_LIBRARY_DIR)/Frameworks";
				LD_RUNPATH_SEARCH_PATHS = (
					"$(inherited)",
					"@executable_path/Frameworks",
				);
				PRODUCT_BUNDLE_IDENTIFIER = com.muuvtest.app.ReqresClientLive;
				SDKROOT = iphoneos;
				SKIP_INSTALL = YES;
				TARGETED_DEVICE_FAMILY = "1,2";
				VERSIONING_SYSTEM = "apple-generic";
			};
			name = Debug;
		};
		A77E1E85791F912E36BD29EE /* Release */ = {
			isa = XCBuildConfiguration;
			buildSettings = {
				CODE_SIGN_IDENTITY = "";
				DEFINES_MODULE = YES;
				DYLIB_COMPATIBILITY_VERSION = 1;
				DYLIB_CURRENT_VERSION = 1;
				DYLIB_INSTALL_NAME_BASE = "@rpath";
				INFOPLIST_FILE = Clients/ReqresClient/Interface/Info.plist;
				INSTALL_PATH = "$(LOCAL_LIBRARY_DIR)/Frameworks";
				LD_RUNPATH_SEARCH_PATHS = (
					"$(inherited)",
					"@executable_path/Frameworks",
				);
				PRODUCT_BUNDLE_IDENTIFIER = com.muuvtest.app.ReqresClient;
				SDKROOT = iphoneos;
				SKIP_INSTALL = YES;
				TARGETED_DEVICE_FAMILY = "1,2";
				VERSIONING_SYSTEM = "apple-generic";
			};
			name = Release;
		};
		C01F8D87FD63439478661F61 /* Release */ = {
			isa = XCBuildConfiguration;
			buildSettings = {
				CODE_SIGN_IDENTITY = "";
				DEFINES_MODULE = YES;
				DYLIB_COMPATIBILITY_VERSION = 1;
				DYLIB_CURRENT_VERSION = 1;
				DYLIB_INSTALL_NAME_BASE = "@rpath";
				INFOPLIST_FILE = Features/Sources/Info.plist;
				INSTALL_PATH = "$(LOCAL_LIBRARY_DIR)/Frameworks";
				LD_RUNPATH_SEARCH_PATHS = (
					"$(inherited)",
					"@executable_path/Frameworks",
				);
				PRODUCT_BUNDLE_IDENTIFIER = com.muuvtest.app.Features;
				SDKROOT = iphoneos;
				SKIP_INSTALL = YES;
				TARGETED_DEVICE_FAMILY = "1,2";
				VERSIONING_SYSTEM = "apple-generic";
			};
			name = Release;
		};
		CA00365D856975BB53A69EDD /* Debug */ = {
			isa = XCBuildConfiguration;
			buildSettings = {
				CODE_SIGN_IDENTITY = "";
				DEFINES_MODULE = YES;
				DYLIB_COMPATIBILITY_VERSION = 1;
				DYLIB_CURRENT_VERSION = 1;
				DYLIB_INSTALL_NAME_BASE = "@rpath";
				INFOPLIST_FILE = Clients/HttpClient/Interface/Info.plist;
				INSTALL_PATH = "$(LOCAL_LIBRARY_DIR)/Frameworks";
				LD_RUNPATH_SEARCH_PATHS = (
					"$(inherited)",
					"@executable_path/Frameworks",
				);
				PRODUCT_BUNDLE_IDENTIFIER = com.muuvtest.app.HttpClient;
				SDKROOT = iphoneos;
				SKIP_INSTALL = YES;
				TARGETED_DEVICE_FAMILY = "1,2";
				VERSIONING_SYSTEM = "apple-generic";
			};
			name = Debug;
		};
		D1852420F57E59B40EC19033 /* Debug */ = {
			isa = XCBuildConfiguration;
			buildSettings = {
				ASSETCATALOG_COMPILER_APPICON_NAME = AppIcon;
				CODE_SIGN_IDENTITY = "iPhone Developer";
				INFOPLIST_FILE = MuuvTest/Common/Resources/Info.plist;
				LD_RUNPATH_SEARCH_PATHS = (
					"$(inherited)",
					"@executable_path/Frameworks",
				);
				PRODUCT_BUNDLE_IDENTIFIER = com.muuvtest.app;
				SDKROOT = iphoneos;
				TARGETED_DEVICE_FAMILY = "1,2";
			};
			name = Debug;
		};
		DCA65A6076F06B5E1EDE9C87 /* Release */ = {
			isa = XCBuildConfiguration;
			buildSettings = {
				ASSETCATALOG_COMPILER_APPICON_NAME = AppIcon;
				CODE_SIGN_IDENTITY = "iPhone Developer";
				INFOPLIST_FILE = MuuvTest/Common/Resources/Info.plist;
				LD_RUNPATH_SEARCH_PATHS = (
					"$(inherited)",
					"@executable_path/Frameworks",
				);
				PRODUCT_BUNDLE_IDENTIFIER = com.muuvtest.app;
				SDKROOT = iphoneos;
				TARGETED_DEVICE_FAMILY = "1,2";
			};
			name = Release;
		};
		E4D1B567F61AD2F245E5C752 /* Release */ = {
			isa = XCBuildConfiguration;
			buildSettings = {
				CODE_SIGN_IDENTITY = "";
				DEFINES_MODULE = YES;
				DYLIB_COMPATIBILITY_VERSION = 1;
				DYLIB_CURRENT_VERSION = 1;
				DYLIB_INSTALL_NAME_BASE = "@rpath";
				INFOPLIST_FILE = Clients/ReqresClient/Live/Info.plist;
				INSTALL_PATH = "$(LOCAL_LIBRARY_DIR)/Frameworks";
				LD_RUNPATH_SEARCH_PATHS = (
					"$(inherited)",
					"@executable_path/Frameworks",
				);
				PRODUCT_BUNDLE_IDENTIFIER = com.muuvtest.app.ReqresClientLive;
				SDKROOT = iphoneos;
				SKIP_INSTALL = YES;
				TARGETED_DEVICE_FAMILY = "1,2";
				VERSIONING_SYSTEM = "apple-generic";
			};
			name = Release;
		};
		E55B12C7B6742046B057924E /* Debug */ = {
			isa = XCBuildConfiguration;
			buildSettings = {
				CODE_SIGN_IDENTITY = "";
				DEFINES_MODULE = YES;
				DYLIB_COMPATIBILITY_VERSION = 1;
				DYLIB_CURRENT_VERSION = 1;
				DYLIB_INSTALL_NAME_BASE = "@rpath";
				INFOPLIST_FILE = Features/Sources/Info.plist;
				INSTALL_PATH = "$(LOCAL_LIBRARY_DIR)/Frameworks";
				LD_RUNPATH_SEARCH_PATHS = (
					"$(inherited)",
					"@executable_path/Frameworks",
				);
				PRODUCT_BUNDLE_IDENTIFIER = com.muuvtest.app.Features;
				SDKROOT = iphoneos;
				SKIP_INSTALL = YES;
				TARGETED_DEVICE_FAMILY = "1,2";
				VERSIONING_SYSTEM = "apple-generic";
			};
			name = Debug;
		};
		F72AFD83CFB250BF9F7D500A /* Debug */ = {
			isa = XCBuildConfiguration;
			baseConfigurationReference = 11365948C577926AFE0276A7 /* Debug.xcconfig */;
			buildSettings = {
				ALWAYS_SEARCH_USER_PATHS = NO;
				CLANG_ANALYZER_LOCALIZABILITY_NONLOCALIZED = YES;
				CLANG_ANALYZER_NONNULL = YES;
				CLANG_ANALYZER_NUMBER_OBJECT_CONVERSION = YES_AGGRESSIVE;
				CLANG_CXX_LANGUAGE_STANDARD = "gnu++14";
				CLANG_CXX_LIBRARY = "libc++";
				CLANG_ENABLE_MODULES = YES;
				CLANG_ENABLE_OBJC_ARC = YES;
				CLANG_ENABLE_OBJC_WEAK = YES;
				CLANG_WARN_BLOCK_CAPTURE_AUTORELEASING = YES;
				CLANG_WARN_BOOL_CONVERSION = YES;
				CLANG_WARN_COMMA = YES;
				CLANG_WARN_CONSTANT_CONVERSION = YES;
				CLANG_WARN_DEPRECATED_OBJC_IMPLEMENTATIONS = YES;
				CLANG_WARN_DIRECT_OBJC_ISA_USAGE = YES_ERROR;
				CLANG_WARN_DOCUMENTATION_COMMENTS = YES;
				CLANG_WARN_EMPTY_BODY = YES;
				CLANG_WARN_ENUM_CONVERSION = YES;
				CLANG_WARN_INFINITE_RECURSION = YES;
				CLANG_WARN_INT_CONVERSION = YES;
				CLANG_WARN_NON_LITERAL_NULL_CONVERSION = YES;
				CLANG_WARN_OBJC_IMPLICIT_RETAIN_SELF = YES;
				CLANG_WARN_OBJC_LITERAL_CONVERSION = YES;
				CLANG_WARN_OBJC_ROOT_CLASS = YES_ERROR;
				CLANG_WARN_QUOTED_INCLUDE_IN_FRAMEWORK_HEADER = YES;
				CLANG_WARN_RANGE_LOOP_ANALYSIS = YES;
				CLANG_WARN_STRICT_PROTOTYPES = YES;
				CLANG_WARN_SUSPICIOUS_MOVE = YES;
				CLANG_WARN_UNGUARDED_AVAILABILITY = YES_AGGRESSIVE;
				CLANG_WARN_UNREACHABLE_CODE = YES;
				CLANG_WARN__DUPLICATE_METHOD_MATCH = YES;
				CODE_SIGN_STYLE = Automatic;
				COPY_PHASE_STRIP = NO;
				DEBUG_INFORMATION_FORMAT = "dwarf-with-dsym";
				ENABLE_BITCODE = NO;
				ENABLE_STRICT_OBJC_MSGSEND = YES;
				ENABLE_TESTABILITY = YES;
				GCC_C_LANGUAGE_STANDARD = gnu11;
				GCC_DYNAMIC_NO_PIC = NO;
				GCC_NO_COMMON_BLOCKS = YES;
				GCC_OPTIMIZATION_LEVEL = 0;
				GCC_PREPROCESSOR_DEFINITIONS = (
					"$(inherited)",
					"DEBUG=1",
				);
				GCC_WARN_64_TO_32_BIT_CONVERSION = YES;
				GCC_WARN_ABOUT_RETURN_TYPE = YES_ERROR;
				GCC_WARN_UNDECLARED_SELECTOR = YES;
				GCC_WARN_UNINITIALIZED_AUTOS = YES_AGGRESSIVE;
				GCC_WARN_UNUSED_FUNCTION = YES;
				GCC_WARN_UNUSED_VARIABLE = YES;
				IPHONEOS_DEPLOYMENT_TARGET = 15.0;
				MTL_ENABLE_DEBUG_INFO = INCLUDE_SOURCE;
				MTL_FAST_MATH = YES;
				ONLY_ACTIVE_ARCH = YES;
				PRODUCT_NAME = "$(TARGET_NAME)";
				SDKROOT = iphoneos;
				SWIFT_ACTIVE_COMPILATION_CONDITIONS = DEBUG;
				SWIFT_COMPILATION_MODE = singlefile;
				SWIFT_OPTIMIZATION_LEVEL = "-Onone";
				SWIFT_VERSION = 5.0;
				TARGETED_DEVICE_FAMILY = 1;
			};
			name = Debug;
		};
		FE01CE14CC0B62D7E77EE594 /* Debug */ = {
			isa = XCBuildConfiguration;
			buildSettings = {
				CODE_SIGN_IDENTITY = "";
				DEFINES_MODULE = YES;
				DYLIB_COMPATIBILITY_VERSION = 1;
				DYLIB_CURRENT_VERSION = 1;
				DYLIB_INSTALL_NAME_BASE = "@rpath";
				INFOPLIST_FILE = Clients/HttpClient/Live/Info.plist;
				INSTALL_PATH = "$(LOCAL_LIBRARY_DIR)/Frameworks";
				LD_RUNPATH_SEARCH_PATHS = (
					"$(inherited)",
					"@executable_path/Frameworks",
				);
				PRODUCT_BUNDLE_IDENTIFIER = com.muuvtest.app.HttpClientLive;
				SDKROOT = iphoneos;
				SKIP_INSTALL = YES;
				TARGETED_DEVICE_FAMILY = "1,2";
				VERSIONING_SYSTEM = "apple-generic";
			};
			name = Debug;
		};
		FE4B3554801AE7976B9F765A /* Release */ = {
			isa = XCBuildConfiguration;
			baseConfigurationReference = C8A98F2FA0A26E4AFDD93E4A /* Release.xcconfig */;
			buildSettings = {
				ALWAYS_SEARCH_USER_PATHS = NO;
				CLANG_ANALYZER_LOCALIZABILITY_NONLOCALIZED = YES;
				CLANG_ANALYZER_NONNULL = YES;
				CLANG_ANALYZER_NUMBER_OBJECT_CONVERSION = YES_AGGRESSIVE;
				CLANG_CXX_LANGUAGE_STANDARD = "gnu++14";
				CLANG_CXX_LIBRARY = "libc++";
				CLANG_ENABLE_MODULES = YES;
				CLANG_ENABLE_OBJC_ARC = YES;
				CLANG_ENABLE_OBJC_WEAK = YES;
				CLANG_WARN_BLOCK_CAPTURE_AUTORELEASING = YES;
				CLANG_WARN_BOOL_CONVERSION = YES;
				CLANG_WARN_COMMA = YES;
				CLANG_WARN_CONSTANT_CONVERSION = YES;
				CLANG_WARN_DEPRECATED_OBJC_IMPLEMENTATIONS = YES;
				CLANG_WARN_DIRECT_OBJC_ISA_USAGE = YES_ERROR;
				CLANG_WARN_DOCUMENTATION_COMMENTS = YES;
				CLANG_WARN_EMPTY_BODY = YES;
				CLANG_WARN_ENUM_CONVERSION = YES;
				CLANG_WARN_INFINITE_RECURSION = YES;
				CLANG_WARN_INT_CONVERSION = YES;
				CLANG_WARN_NON_LITERAL_NULL_CONVERSION = YES;
				CLANG_WARN_OBJC_IMPLICIT_RETAIN_SELF = YES;
				CLANG_WARN_OBJC_LITERAL_CONVERSION = YES;
				CLANG_WARN_OBJC_ROOT_CLASS = YES_ERROR;
				CLANG_WARN_QUOTED_INCLUDE_IN_FRAMEWORK_HEADER = YES;
				CLANG_WARN_RANGE_LOOP_ANALYSIS = YES;
				CLANG_WARN_STRICT_PROTOTYPES = YES;
				CLANG_WARN_SUSPICIOUS_MOVE = YES;
				CLANG_WARN_UNGUARDED_AVAILABILITY = YES_AGGRESSIVE;
				CLANG_WARN_UNREACHABLE_CODE = YES;
				CLANG_WARN__DUPLICATE_METHOD_MATCH = YES;
				CODE_SIGN_STYLE = Automatic;
				COPY_PHASE_STRIP = NO;
				DEBUG_INFORMATION_FORMAT = "dwarf-with-dsym";
				ENABLE_BITCODE = YES;
				ENABLE_NS_ASSERTIONS = NO;
				ENABLE_STRICT_OBJC_MSGSEND = YES;
				GCC_C_LANGUAGE_STANDARD = gnu11;
				GCC_NO_COMMON_BLOCKS = YES;
				GCC_OPTIMIZATION_LEVEL = s;
				GCC_WARN_64_TO_32_BIT_CONVERSION = YES;
				GCC_WARN_ABOUT_RETURN_TYPE = YES_ERROR;
				GCC_WARN_UNDECLARED_SELECTOR = YES;
				GCC_WARN_UNINITIALIZED_AUTOS = YES_AGGRESSIVE;
				GCC_WARN_UNUSED_FUNCTION = YES;
				GCC_WARN_UNUSED_VARIABLE = YES;
				IPHONEOS_DEPLOYMENT_TARGET = 15.0;
				MTL_ENABLE_DEBUG_INFO = NO;
				MTL_FAST_MATH = YES;
				PRODUCT_NAME = "$(TARGET_NAME)";
				SDKROOT = iphoneos;
				SWIFT_COMPILATION_MODE = wholemodule;
				SWIFT_OPTIMIZATION_LEVEL = "-O";
				SWIFT_VERSION = 5.0;
				TARGETED_DEVICE_FAMILY = 1;
			};
			name = Release;
		};
/* End XCBuildConfiguration section */

/* Begin XCConfigurationList section */
		13B1044C0FF1C80B2B3FFA01 /* Build configuration list for PBXNativeTarget "ReqresClientLive" */ = {
			isa = XCConfigurationList;
			buildConfigurations = (
				8D93188023E042B169FD6042 /* Debug */,
				E4D1B567F61AD2F245E5C752 /* Release */,
			);
			defaultConfigurationIsVisible = 0;
			defaultConfigurationName = Debug;
		};
		5D89EE97BCF28B0776569D77 /* Build configuration list for PBXNativeTarget "HttpClientLive" */ = {
			isa = XCConfigurationList;
			buildConfigurations = (
				FE01CE14CC0B62D7E77EE594 /* Debug */,
				7451B766CE78CCF5AA38A597 /* Release */,
			);
			defaultConfigurationIsVisible = 0;
			defaultConfigurationName = Debug;
		};
		A137CCB2C1E0BE098F320202 /* Build configuration list for PBXProject "MuuvTest" */ = {
			isa = XCConfigurationList;
			buildConfigurations = (
				F72AFD83CFB250BF9F7D500A /* Debug */,
				FE4B3554801AE7976B9F765A /* Release */,
			);
			defaultConfigurationIsVisible = 0;
			defaultConfigurationName = Debug;
		};
		B7B97A440374FA1BA31BA075 /* Build configuration list for PBXNativeTarget "ReqresClient" */ = {
			isa = XCConfigurationList;
			buildConfigurations = (
				7023AE8068720AB18A483F8F /* Debug */,
				A77E1E85791F912E36BD29EE /* Release */,
			);
			defaultConfigurationIsVisible = 0;
			defaultConfigurationName = Debug;
		};
		CF30EC3D67DEA6A209CF88D6 /* Build configuration list for PBXNativeTarget "HttpClient" */ = {
			isa = XCConfigurationList;
			buildConfigurations = (
				CA00365D856975BB53A69EDD /* Debug */,
				5D56303DC797CB5C32D39C23 /* Release */,
			);
			defaultConfigurationIsVisible = 0;
			defaultConfigurationName = Debug;
		};
		CFCF406AD207E1769BAA2579 /* Build configuration list for PBXNativeTarget "Development" */ = {
			isa = XCConfigurationList;
			buildConfigurations = (
				2EE3A6B71116690BD691280C /* Debug */,
				5DC1478637BD2E92A6C0F7EE /* Release */,
			);
			defaultConfigurationIsVisible = 0;
			defaultConfigurationName = Debug;
		};
		E23A617157374AD4B40B7533 /* Build configuration list for PBXNativeTarget "Mock" */ = {
			isa = XCConfigurationList;
			buildConfigurations = (
				7D7C6CE861DF6D0EC39C97B9 /* Debug */,
				680CDF92BC69B237B6165C51 /* Release */,
			);
			defaultConfigurationIsVisible = 0;
			defaultConfigurationName = Debug;
		};
		EF737B36C3A982951EAAFAB7 /* Build configuration list for PBXNativeTarget "Features" */ = {
			isa = XCConfigurationList;
			buildConfigurations = (
				E55B12C7B6742046B057924E /* Debug */,
				C01F8D87FD63439478661F61 /* Release */,
			);
			defaultConfigurationIsVisible = 0;
			defaultConfigurationName = Debug;
		};
		FA786B7A128F81BE0CA4773A /* Build configuration list for PBXNativeTarget "Production" */ = {
			isa = XCConfigurationList;
			buildConfigurations = (
				D1852420F57E59B40EC19033 /* Debug */,
				DCA65A6076F06B5E1EDE9C87 /* Release */,
			);
			defaultConfigurationIsVisible = 0;
			defaultConfigurationName = Debug;
		};
/* End XCConfigurationList section */

/* Begin XCRemoteSwiftPackageReference section */
		86DA24C5128F356EDFB87C52 /* XCRemoteSwiftPackageReference "SwinjectAutoregistration" */ = {
			isa = XCRemoteSwiftPackageReference;
			repositoryURL = "https://github.com/Swinject/SwinjectAutoregistration.git";
			requirement = {
				kind = exactVersion;
				version = 2.8.1;
			};
		};
		D2FF31A0DF407479DABF4F0A /* XCRemoteSwiftPackageReference "Kingfisher" */ = {
			isa = XCRemoteSwiftPackageReference;
			repositoryURL = "https://github.com/onevcat/Kingfisher.git";
			requirement = {
				kind = exactVersion;
				version = 7.3.2;
			};
		};
		F631E1925B734E03B2F7A1F9 /* XCRemoteSwiftPackageReference "Alamofire" */ = {
			isa = XCRemoteSwiftPackageReference;
			repositoryURL = "https://github.com/Alamofire/Alamofire.git";
			requirement = {
				kind = exactVersion;
				version = 5.6.2;
			};
		};
		F7BE2DFB4E173744EC154544 /* XCRemoteSwiftPackageReference "Swinject" */ = {
			isa = XCRemoteSwiftPackageReference;
			repositoryURL = "https://github.com/Swinject/Swinject.git";
			requirement = {
				kind = exactVersion;
				version = 2.8.2;
			};
		};
/* End XCRemoteSwiftPackageReference section */

/* Begin XCSwiftPackageProductDependency section */
		076BF9F1948EBF6F08AA13F7 /* SwinjectAutoregistration */ = {
			isa = XCSwiftPackageProductDependency;
			package = 86DA24C5128F356EDFB87C52 /* XCRemoteSwiftPackageReference "SwinjectAutoregistration" */;
			productName = SwinjectAutoregistration;
		};
		1476976CE86302CE0ADCC955 /* Swinject */ = {
			isa = XCSwiftPackageProductDependency;
			package = F7BE2DFB4E173744EC154544 /* XCRemoteSwiftPackageReference "Swinject" */;
			productName = Swinject;
		};
		2F19F9204DA4FE2334C3849F /* Kingfisher */ = {
			isa = XCSwiftPackageProductDependency;
			package = D2FF31A0DF407479DABF4F0A /* XCRemoteSwiftPackageReference "Kingfisher" */;
			productName = Kingfisher;
		};
		4D473AAD0A4B8AE41BDEC0FF /* Kingfisher */ = {
			isa = XCSwiftPackageProductDependency;
			package = D2FF31A0DF407479DABF4F0A /* XCRemoteSwiftPackageReference "Kingfisher" */;
			productName = Kingfisher;
		};
		59C8B8EFB7B8050E78988BEC /* Swinject */ = {
			isa = XCSwiftPackageProductDependency;
			package = F7BE2DFB4E173744EC154544 /* XCRemoteSwiftPackageReference "Swinject" */;
			productName = Swinject;
		};
		5B010505E5FEF13C25118225 /* Alamofire */ = {
			isa = XCSwiftPackageProductDependency;
			package = F631E1925B734E03B2F7A1F9 /* XCRemoteSwiftPackageReference "Alamofire" */;
			productName = Alamofire;
		};
		60B83B447E72B58B5D7F1686 /* SwinjectAutoregistration */ = {
			isa = XCSwiftPackageProductDependency;
			package = 86DA24C5128F356EDFB87C52 /* XCRemoteSwiftPackageReference "SwinjectAutoregistration" */;
			productName = SwinjectAutoregistration;
		};
		73BFECB365FB3F10506FCA17 /* SwinjectAutoregistration */ = {
			isa = XCSwiftPackageProductDependency;
			package = 86DA24C5128F356EDFB87C52 /* XCRemoteSwiftPackageReference "SwinjectAutoregistration" */;
			productName = SwinjectAutoregistration;
		};
		7FBC334E9A29973B37A2B885 /* Kingfisher */ = {
			isa = XCSwiftPackageProductDependency;
			package = D2FF31A0DF407479DABF4F0A /* XCRemoteSwiftPackageReference "Kingfisher" */;
			productName = Kingfisher;
		};
		80C07284E19CDFC3D4F952A0 /* Alamofire */ = {
			isa = XCSwiftPackageProductDependency;
			package = F631E1925B734E03B2F7A1F9 /* XCRemoteSwiftPackageReference "Alamofire" */;
			productName = Alamofire;
		};
		979614DA6E6C264A37B45E4B /* SwinjectAutoregistration */ = {
			isa = XCSwiftPackageProductDependency;
			package = 86DA24C5128F356EDFB87C52 /* XCRemoteSwiftPackageReference "SwinjectAutoregistration" */;
			productName = SwinjectAutoregistration;
		};
		BA4489AB7B43887EDBAAD21D /* Alamofire */ = {
			isa = XCSwiftPackageProductDependency;
			package = F631E1925B734E03B2F7A1F9 /* XCRemoteSwiftPackageReference "Alamofire" */;
			productName = Alamofire;
		};
		BD2371854495B6720912A2BD /* Swinject */ = {
			isa = XCSwiftPackageProductDependency;
			package = F7BE2DFB4E173744EC154544 /* XCRemoteSwiftPackageReference "Swinject" */;
			productName = Swinject;
		};
		D18539C370F8170944DE67B8 /* Swinject */ = {
			isa = XCSwiftPackageProductDependency;
			package = F7BE2DFB4E173744EC154544 /* XCRemoteSwiftPackageReference "Swinject" */;
			productName = Swinject;
		};
		D20E673C2876FFB3E91339F2 /* Alamofire */ = {
			isa = XCSwiftPackageProductDependency;
			package = F631E1925B734E03B2F7A1F9 /* XCRemoteSwiftPackageReference "Alamofire" */;
			productName = Alamofire;
		};
		ED332D6383ED19A28A099373 /* Kingfisher */ = {
			isa = XCSwiftPackageProductDependency;
			package = D2FF31A0DF407479DABF4F0A /* XCRemoteSwiftPackageReference "Kingfisher" */;
			productName = Kingfisher;
		};
/* End XCSwiftPackageProductDependency section */
	};
	rootObject = 739DAE3F42D62F7476B2FD4E /* Project object */;
}
